// !$*UTF8*$!
{
	archiveVersion = 1;
	classes = {
	};
	objectVersion = 51;
	objects = {

/* Begin PBXBuildFile section */
		843DB35B2981A9912277B6A1 /* Pods_TT_CovidCity.framework in Frameworks */ = {isa = PBXBuildFile; fileRef = 3FB1E66C62B43543067C4D89 /* Pods_TT_CovidCity.framework */; };
		DC029841243178E8007333B0 /* DetailViewController.swift in Sources */ = {isa = PBXBuildFile; fileRef = DC029840243178E8007333B0 /* DetailViewController.swift */; };
		DC02984624317921007333B0 /* HanoiDetailView.swift in Sources */ = {isa = PBXBuildFile; fileRef = DC02984424317920007333B0 /* HanoiDetailView.swift */; };
		DC02984724317921007333B0 /* DetailInfoView.swift in Sources */ = {isa = PBXBuildFile; fileRef = DC02984524317921007333B0 /* DetailInfoView.swift */; };
		DC0298492431792B007333B0 /* ResultData.swift in Sources */ = {isa = PBXBuildFile; fileRef = DC0298482431792B007333B0 /* ResultData.swift */; };
		DC029854243179DD007333B0 /* WorldcovidManager.swift in Sources */ = {isa = PBXBuildFile; fileRef = DC029852243179DB007333B0 /* WorldcovidManager.swift */; };
		DC029855243179DD007333B0 /* WorldCovidData.swift in Sources */ = {isa = PBXBuildFile; fileRef = DC029853243179DD007333B0 /* WorldCovidData.swift */; };
		DC02985B24317A02007333B0 /* Contact.swift in Sources */ = {isa = PBXBuildFile; fileRef = DC029856243179FD007333B0 /* Contact.swift */; };
		DC02985C24317A02007333B0 /* Country.swift in Sources */ = {isa = PBXBuildFile; fileRef = DC029857243179FE007333B0 /* Country.swift */; };
		DC02985D24317A02007333B0 /* hardcodeContactData.swift in Sources */ = {isa = PBXBuildFile; fileRef = DC029858243179FF007333B0 /* hardcodeContactData.swift */; };
		DC02985E24317A02007333B0 /* hardcidePostsData.swift in Sources */ = {isa = PBXBuildFile; fileRef = DC02985924317A00007333B0 /* hardcidePostsData.swift */; };
		DC02985F24317A02007333B0 /* hardcodeVietNamData.swift in Sources */ = {isa = PBXBuildFile; fileRef = DC02985A24317A02007333B0 /* hardcodeVietNamData.swift */; };
		DC02986E24317C96007333B0 /* StartCell.swift in Sources */ = {isa = PBXBuildFile; fileRef = DC02986324317C8B007333B0 /* StartCell.swift */; };
		DC02986F24317C96007333B0 /* StartCell.xib in Resources */ = {isa = PBXBuildFile; fileRef = DC02986424317C8D007333B0 /* StartCell.xib */; };
		DC02987024317C96007333B0 /* PostCell.swift in Sources */ = {isa = PBXBuildFile; fileRef = DC02986524317C8E007333B0 /* PostCell.swift */; };
		DC02987224317C96007333B0 /* SubCell.swift in Sources */ = {isa = PBXBuildFile; fileRef = DC02986724317C90007333B0 /* SubCell.swift */; };
		DC02987324317C96007333B0 /* ContactCell.swift in Sources */ = {isa = PBXBuildFile; fileRef = DC02986824317C91007333B0 /* ContactCell.swift */; };
		DC02987424317C96007333B0 /* SubCell.xib in Resources */ = {isa = PBXBuildFile; fileRef = DC02986924317C92007333B0 /* SubCell.xib */; };
		DC02987624317C96007333B0 /* ContactCell.xib in Resources */ = {isa = PBXBuildFile; fileRef = DC02986B24317C95007333B0 /* ContactCell.xib */; };
		DC02987C24317CBD007333B0 /* CustomView1.swift in Sources */ = {isa = PBXBuildFile; fileRef = DC02987924317CBD007333B0 /* CustomView1.swift */; };
		DC02987D24317CBD007333B0 /* CustomButton.swift in Sources */ = {isa = PBXBuildFile; fileRef = DC02987A24317CBD007333B0 /* CustomButton.swift */; };
		DC02987E24317CBD007333B0 /* CustomView2.swift in Sources */ = {isa = PBXBuildFile; fileRef = DC02987B24317CBD007333B0 /* CustomView2.swift */; };
		DC0298CD24317D1B007333B0 /* NewsViewController.swift in Sources */ = {isa = PBXBuildFile; fileRef = DC0298CC24317D1B007333B0 /* NewsViewController.swift */; };
		DC0E6909242EF625009372FC /* RegisterViewController.swift in Sources */ = {isa = PBXBuildFile; fileRef = DC0E6908242EF625009372FC /* RegisterViewController.swift */; };
		DC0E690B242EF97D009372FC /* ReportForm.swift in Sources */ = {isa = PBXBuildFile; fileRef = DC0E690A242EF97D009372FC /* ReportForm.swift */; };
		DC0E690D242F3053009372FC /* GoogleService-Info.plist in Resources */ = {isa = PBXBuildFile; fileRef = DC0E690C242F3053009372FC /* GoogleService-Info.plist */; };
		DC0F970B2427BE9700E76CF9 /* AppDelegate.swift in Sources */ = {isa = PBXBuildFile; fileRef = DC0F970A2427BE9700E76CF9 /* AppDelegate.swift */; };
		DC0F970D2427BE9700E76CF9 /* SceneDelegate.swift in Sources */ = {isa = PBXBuildFile; fileRef = DC0F970C2427BE9700E76CF9 /* SceneDelegate.swift */; };
		DC0F970F2427BE9700E76CF9 /* MapViewController.swift in Sources */ = {isa = PBXBuildFile; fileRef = DC0F970E2427BE9700E76CF9 /* MapViewController.swift */; };
		DC0F97142427BE9700E76CF9 /* Main.storyboard in Resources */ = {isa = PBXBuildFile; fileRef = DC0F97122427BE9700E76CF9 /* Main.storyboard */; };
		DC0F97162427BE9900E76CF9 /* Assets.xcassets in Resources */ = {isa = PBXBuildFile; fileRef = DC0F97152427BE9900E76CF9 /* Assets.xcassets */; };
		DC0F97192427BE9900E76CF9 /* LaunchScreen.storyboard in Resources */ = {isa = PBXBuildFile; fileRef = DC0F97172427BE9900E76CF9 /* LaunchScreen.storyboard */; };
		DC0F97242428542700E76CF9 /* LoginViewController.swift in Sources */ = {isa = PBXBuildFile; fileRef = DC0F97232428542700E76CF9 /* LoginViewController.swift */; };
		DC0F97262428543400E76CF9 /* ReportViewController.swift in Sources */ = {isa = PBXBuildFile; fileRef = DC0F97252428543400E76CF9 /* ReportViewController.swift */; };
		DC0F972824286D9800E76CF9 /* TabBarController.swift in Sources */ = {isa = PBXBuildFile; fileRef = DC0F972724286D9800E76CF9 /* TabBarController.swift */; };
		DC22FE9624299F9600AA5A8B /* PlacesViewController.swift in Sources */ = {isa = PBXBuildFile; fileRef = DC22FE9524299F9600AA5A8B /* PlacesViewController.swift */; };
		DCE6AB90242A34CB007F4BF8 /* MarkerCluster.swift in Sources */ = {isa = PBXBuildFile; fileRef = DCE6AB8F242A34CB007F4BF8 /* MarkerCluster.swift */; };
/* End PBXBuildFile section */

/* Begin PBXFileReference section */
		3FB1E66C62B43543067C4D89 /* Pods_TT_CovidCity.framework */ = {isa = PBXFileReference; explicitFileType = wrapper.framework; includeInIndex = 0; path = Pods_TT_CovidCity.framework; sourceTree = BUILT_PRODUCTS_DIR; };
		6019EAEF4104099C3E4F5D0F /* Pods-TT_CovidCity.debug.xcconfig */ = {isa = PBXFileReference; includeInIndex = 1; lastKnownFileType = text.xcconfig; name = "Pods-TT_CovidCity.debug.xcconfig"; path = "Target Support Files/Pods-TT_CovidCity/Pods-TT_CovidCity.debug.xcconfig"; sourceTree = "<group>"; };
		63FB8025F3FBA73F4C5510B5 /* Pods-TT_CovidCity.release.xcconfig */ = {isa = PBXFileReference; includeInIndex = 1; lastKnownFileType = text.xcconfig; name = "Pods-TT_CovidCity.release.xcconfig"; path = "Target Support Files/Pods-TT_CovidCity/Pods-TT_CovidCity.release.xcconfig"; sourceTree = "<group>"; };
		DC029840243178E8007333B0 /* DetailViewController.swift */ = {isa = PBXFileReference; fileEncoding = 4; lastKnownFileType = sourcecode.swift; path = DetailViewController.swift; sourceTree = "<group>"; };
		DC02984424317920007333B0 /* HanoiDetailView.swift */ = {isa = PBXFileReference; fileEncoding = 4; lastKnownFileType = sourcecode.swift; path = HanoiDetailView.swift; sourceTree = "<group>"; };
		DC02984524317921007333B0 /* DetailInfoView.swift */ = {isa = PBXFileReference; fileEncoding = 4; lastKnownFileType = sourcecode.swift; path = DetailInfoView.swift; sourceTree = "<group>"; };
		DC0298482431792B007333B0 /* ResultData.swift */ = {isa = PBXFileReference; fileEncoding = 4; lastKnownFileType = sourcecode.swift; path = ResultData.swift; sourceTree = "<group>"; };
		DC029852243179DB007333B0 /* WorldcovidManager.swift */ = {isa = PBXFileReference; fileEncoding = 4; lastKnownFileType = sourcecode.swift; path = WorldcovidManager.swift; sourceTree = "<group>"; };
		DC029853243179DD007333B0 /* WorldCovidData.swift */ = {isa = PBXFileReference; fileEncoding = 4; lastKnownFileType = sourcecode.swift; path = WorldCovidData.swift; sourceTree = "<group>"; };
		DC029856243179FD007333B0 /* Contact.swift */ = {isa = PBXFileReference; fileEncoding = 4; lastKnownFileType = sourcecode.swift; path = Contact.swift; sourceTree = "<group>"; };
		DC029857243179FE007333B0 /* Country.swift */ = {isa = PBXFileReference; fileEncoding = 4; lastKnownFileType = sourcecode.swift; path = Country.swift; sourceTree = "<group>"; };
		DC029858243179FF007333B0 /* hardcodeContactData.swift */ = {isa = PBXFileReference; fileEncoding = 4; lastKnownFileType = sourcecode.swift; path = hardcodeContactData.swift; sourceTree = "<group>"; };
		DC02985924317A00007333B0 /* hardcidePostsData.swift */ = {isa = PBXFileReference; fileEncoding = 4; lastKnownFileType = sourcecode.swift; path = hardcidePostsData.swift; sourceTree = "<group>"; };
		DC02985A24317A02007333B0 /* hardcodeVietNamData.swift */ = {isa = PBXFileReference; fileEncoding = 4; lastKnownFileType = sourcecode.swift; path = hardcodeVietNamData.swift; sourceTree = "<group>"; };
		DC02986324317C8B007333B0 /* StartCell.swift */ = {isa = PBXFileReference; fileEncoding = 4; lastKnownFileType = sourcecode.swift; path = StartCell.swift; sourceTree = "<group>"; };
		DC02986424317C8D007333B0 /* StartCell.xib */ = {isa = PBXFileReference; fileEncoding = 4; lastKnownFileType = file.xib; path = StartCell.xib; sourceTree = "<group>"; };
		DC02986524317C8E007333B0 /* PostCell.swift */ = {isa = PBXFileReference; fileEncoding = 4; lastKnownFileType = sourcecode.swift; path = PostCell.swift; sourceTree = "<group>"; };
		DC02986724317C90007333B0 /* SubCell.swift */ = {isa = PBXFileReference; fileEncoding = 4; lastKnownFileType = sourcecode.swift; path = SubCell.swift; sourceTree = "<group>"; };
		DC02986824317C91007333B0 /* ContactCell.swift */ = {isa = PBXFileReference; fileEncoding = 4; lastKnownFileType = sourcecode.swift; path = ContactCell.swift; sourceTree = "<group>"; };
		DC02986924317C92007333B0 /* SubCell.xib */ = {isa = PBXFileReference; fileEncoding = 4; lastKnownFileType = file.xib; path = SubCell.xib; sourceTree = "<group>"; };
		DC02986B24317C95007333B0 /* ContactCell.xib */ = {isa = PBXFileReference; fileEncoding = 4; lastKnownFileType = file.xib; path = ContactCell.xib; sourceTree = "<group>"; };
		DC02987924317CBD007333B0 /* CustomView1.swift */ = {isa = PBXFileReference; fileEncoding = 4; lastKnownFileType = sourcecode.swift; path = CustomView1.swift; sourceTree = "<group>"; };
		DC02987A24317CBD007333B0 /* CustomButton.swift */ = {isa = PBXFileReference; fileEncoding = 4; lastKnownFileType = sourcecode.swift; path = CustomButton.swift; sourceTree = "<group>"; };
		DC02987B24317CBD007333B0 /* CustomView2.swift */ = {isa = PBXFileReference; fileEncoding = 4; lastKnownFileType = sourcecode.swift; path = CustomView2.swift; sourceTree = "<group>"; };
		DC0298CC24317D1B007333B0 /* NewsViewController.swift */ = {isa = PBXFileReference; fileEncoding = 4; lastKnownFileType = sourcecode.swift; name = NewsViewController.swift; path = ../../../../Desktop/NewsViewController.swift; sourceTree = "<group>"; };
		DC0E6908242EF625009372FC /* RegisterViewController.swift */ = {isa = PBXFileReference; lastKnownFileType = sourcecode.swift; path = RegisterViewController.swift; sourceTree = "<group>"; };
		DC0E690A242EF97D009372FC /* ReportForm.swift */ = {isa = PBXFileReference; lastKnownFileType = sourcecode.swift; path = ReportForm.swift; sourceTree = "<group>"; };
		DC0E690C242F3053009372FC /* GoogleService-Info.plist */ = {isa = PBXFileReference; fileEncoding = 4; lastKnownFileType = text.plist.xml; name = "GoogleService-Info.plist"; path = "../../../Downloads/GoogleService-Info.plist"; sourceTree = "<group>"; };
		DC0F97072427BE9700E76CF9 /* TT_CovidCity.app */ = {isa = PBXFileReference; explicitFileType = wrapper.application; includeInIndex = 0; path = TT_CovidCity.app; sourceTree = BUILT_PRODUCTS_DIR; };
		DC0F970A2427BE9700E76CF9 /* AppDelegate.swift */ = {isa = PBXFileReference; lastKnownFileType = sourcecode.swift; path = AppDelegate.swift; sourceTree = "<group>"; };
		DC0F970C2427BE9700E76CF9 /* SceneDelegate.swift */ = {isa = PBXFileReference; lastKnownFileType = sourcecode.swift; path = SceneDelegate.swift; sourceTree = "<group>"; };
		DC0F970E2427BE9700E76CF9 /* MapViewController.swift */ = {isa = PBXFileReference; lastKnownFileType = sourcecode.swift; path = MapViewController.swift; sourceTree = "<group>"; };
		DC0F97132427BE9700E76CF9 /* Base */ = {isa = PBXFileReference; lastKnownFileType = file.storyboard; name = Base; path = Base.lproj/Main.storyboard; sourceTree = "<group>"; };
		DC0F97152427BE9900E76CF9 /* Assets.xcassets */ = {isa = PBXFileReference; lastKnownFileType = folder.assetcatalog; path = Assets.xcassets; sourceTree = "<group>"; };
		DC0F97182427BE9900E76CF9 /* Base */ = {isa = PBXFileReference; lastKnownFileType = file.storyboard; name = Base; path = Base.lproj/LaunchScreen.storyboard; sourceTree = "<group>"; };
		DC0F971A2427BE9900E76CF9 /* Info.plist */ = {isa = PBXFileReference; lastKnownFileType = text.plist.xml; path = Info.plist; sourceTree = "<group>"; };
		DC0F97232428542700E76CF9 /* LoginViewController.swift */ = {isa = PBXFileReference; lastKnownFileType = sourcecode.swift; path = LoginViewController.swift; sourceTree = "<group>"; };
		DC0F97252428543400E76CF9 /* ReportViewController.swift */ = {isa = PBXFileReference; lastKnownFileType = sourcecode.swift; path = ReportViewController.swift; sourceTree = "<group>"; };
		DC0F972724286D9800E76CF9 /* TabBarController.swift */ = {isa = PBXFileReference; lastKnownFileType = sourcecode.swift; path = TabBarController.swift; sourceTree = "<group>"; };
		DC22FE9524299F9600AA5A8B /* PlacesViewController.swift */ = {isa = PBXFileReference; lastKnownFileType = sourcecode.swift; path = PlacesViewController.swift; sourceTree = "<group>"; };
		DCE6AB8F242A34CB007F4BF8 /* MarkerCluster.swift */ = {isa = PBXFileReference; lastKnownFileType = sourcecode.swift; path = MarkerCluster.swift; sourceTree = "<group>"; };
/* End PBXFileReference section */

/* Begin PBXFrameworksBuildPhase section */
		DC0F97042427BE9700E76CF9 /* Frameworks */ = {
			isa = PBXFrameworksBuildPhase;
			buildActionMask = 2147483647;
			files = (
				843DB35B2981A9912277B6A1 /* Pods_TT_CovidCity.framework in Frameworks */,
			);
			runOnlyForDeploymentPostprocessing = 0;
		};
/* End PBXFrameworksBuildPhase section */

/* Begin PBXGroup section */
		43EFE79EB4C7CA97C8C425E4 /* Frameworks */ = {
			isa = PBXGroup;
			children = (
				3FB1E66C62B43543067C4D89 /* Pods_TT_CovidCity.framework */,
			);
			name = Frameworks;
			sourceTree = "<group>";
		};
		A03453012CA94FF604FFABBC /* Pods */ = {
			isa = PBXGroup;
			children = (
				6019EAEF4104099C3E4F5D0F /* Pods-TT_CovidCity.debug.xcconfig */,
				63FB8025F3FBA73F4C5510B5 /* Pods-TT_CovidCity.release.xcconfig */,
			);
			path = Pods;
			sourceTree = "<group>";
		};
		DC02986124317C73007333B0 /* CustomCell */ = {
			isa = PBXGroup;
			children = (
				DC02986824317C91007333B0 /* ContactCell.swift */,
				DC02986B24317C95007333B0 /* ContactCell.xib */,
				DC02986524317C8E007333B0 /* PostCell.swift */,
				DC02986324317C8B007333B0 /* StartCell.swift */,
				DC02986424317C8D007333B0 /* StartCell.xib */,
				DC02986724317C90007333B0 /* SubCell.swift */,
				DC02986924317C92007333B0 /* SubCell.xib */,
			);
			path = CustomCell;
			sourceTree = "<group>";
		};
		DC02987824317CBD007333B0 /* CustomView */ = {
			isa = PBXGroup;
			children = (
				DC02987924317CBD007333B0 /* CustomView1.swift */,
				DC02987A24317CBD007333B0 /* CustomButton.swift */,
				DC02987B24317CBD007333B0 /* CustomView2.swift */,
			);
			path = CustomView;
			sourceTree = "<group>";
		};
		DC0F96FE2427BE9600E76CF9 = {
			isa = PBXGroup;
			children = (
				DC0F97092427BE9700E76CF9 /* TT_CovidCity */,
				DC0F97082427BE9700E76CF9 /* Products */,
				A03453012CA94FF604FFABBC /* Pods */,
				43EFE79EB4C7CA97C8C425E4 /* Frameworks */,
			);
			sourceTree = "<group>";
		};
		DC0F97082427BE9700E76CF9 /* Products */ = {
			isa = PBXGroup;
			children = (
				DC0F97072427BE9700E76CF9 /* TT_CovidCity.app */,
			);
			name = Products;
			sourceTree = "<group>";
		};
		DC0F97092427BE9700E76CF9 /* TT_CovidCity */ = {
			isa = PBXGroup;
			children = (
				DC0F970A2427BE9700E76CF9 /* AppDelegate.swift */,
				DC02987824317CBD007333B0 /* CustomView */,
				DC02986124317C73007333B0 /* CustomCell */,
				DC0F972B2428914D00E76CF9 /* Models */,
				DC0F970C2427BE9700E76CF9 /* SceneDelegate.swift */,
				DC0F97292428912500E76CF9 /* Controllers */,
				DC0F972A2428913F00E76CF9 /* Views */,
				DC0F97152427BE9900E76CF9 /* Assets.xcassets */,
				DC0E690C242F3053009372FC /* GoogleService-Info.plist */,
				DC0F971A2427BE9900E76CF9 /* Info.plist */,
			);
			path = TT_CovidCity;
			sourceTree = "<group>";
		};
		DC0F97292428912500E76CF9 /* Controllers */ = {
			isa = PBXGroup;
			children = (
				DC0F972724286D9800E76CF9 /* TabBarController.swift */,
				DC029840243178E8007333B0 /* DetailViewController.swift */,
				DC0F970E2427BE9700E76CF9 /* MapViewController.swift */,
				DC0298482431792B007333B0 /* ResultData.swift */,
				DC22FE9524299F9600AA5A8B /* PlacesViewController.swift */,
				DC0298CC24317D1B007333B0 /* NewsViewController.swift */,
				DC0F97232428542700E76CF9 /* LoginViewController.swift */,
				DC0F97252428543400E76CF9 /* ReportViewController.swift */,
				DC0E6908242EF625009372FC /* RegisterViewController.swift */,
				DC02984524317921007333B0 /* DetailInfoView.swift */,
				DC02984424317920007333B0 /* HanoiDetailView.swift */,
			);
			path = Controllers;
			sourceTree = "<group>";
		};
		DC0F972A2428913F00E76CF9 /* Views */ = {
			isa = PBXGroup;
			children = (
				DC0F97122427BE9700E76CF9 /* Main.storyboard */,
				DC0F97172427BE9900E76CF9 /* LaunchScreen.storyboard */,
			);
			path = Views;
			sourceTree = "<group>";
		};
		DC0F972B2428914D00E76CF9 /* Models */ = {
			isa = PBXGroup;
			children = (
				DC029856243179FD007333B0 /* Contact.swift */,
				DC029857243179FE007333B0 /* Country.swift */,
				DC02985924317A00007333B0 /* hardcidePostsData.swift */,
				DC029858243179FF007333B0 /* hardcodeContactData.swift */,
				DC02985A24317A02007333B0 /* hardcodeVietNamData.swift */,
				DC029853243179DD007333B0 /* WorldCovidData.swift */,
				DC029852243179DB007333B0 /* WorldcovidManager.swift */,
				DCE6AB8F242A34CB007F4BF8 /* MarkerCluster.swift */,
				DC0E690A242EF97D009372FC /* ReportForm.swift */,
			);
			path = Models;
			sourceTree = "<group>";
		};
/* End PBXGroup section */

/* Begin PBXNativeTarget section */
		DC0F97062427BE9700E76CF9 /* TT_CovidCity */ = {
			isa = PBXNativeTarget;
			buildConfigurationList = DC0F971D2427BE9900E76CF9 /* Build configuration list for PBXNativeTarget "TT_CovidCity" */;
			buildPhases = (
				100534F614E5C52F02735C15 /* [CP] Check Pods Manifest.lock */,
				DC0F97032427BE9700E76CF9 /* Sources */,
				DC0F97042427BE9700E76CF9 /* Frameworks */,
				DC0F97052427BE9700E76CF9 /* Resources */,
				CB63FA0D09A24C126701C04A /* [CP] Copy Pods Resources */,
				1234C5B123B30820A10780D5 /* [CP] Embed Pods Frameworks */,
			);
			buildRules = (
			);
			dependencies = (
			);
			name = TT_CovidCity;
			productName = abc;
			productReference = DC0F97072427BE9700E76CF9 /* TT_CovidCity.app */;
			productType = "com.apple.product-type.application";
		};
/* End PBXNativeTarget section */

/* Begin PBXProject section */
		DC0F96FF2427BE9600E76CF9 /* Project object */ = {
			isa = PBXProject;
			attributes = {
				LastSwiftUpdateCheck = 1130;
				LastUpgradeCheck = 1130;
				ORGANIZATIONNAME = "Trần Nhất Thống";
				TargetAttributes = {
					DC0F97062427BE9700E76CF9 = {
						CreatedOnToolsVersion = 11.3.1;
					};
				};
			};
			buildConfigurationList = DC0F97022427BE9600E76CF9 /* Build configuration list for PBXProject "TT_CovidCity" */;
			compatibilityVersion = "Xcode 9.3";
			developmentRegion = en;
			hasScannedForEncodings = 0;
			knownRegions = (
				en,
				Base,
			);
			mainGroup = DC0F96FE2427BE9600E76CF9;
			productRefGroup = DC0F97082427BE9700E76CF9 /* Products */;
			projectDirPath = "";
			projectRoot = "";
			targets = (
				DC0F97062427BE9700E76CF9 /* TT_CovidCity */,
			);
		};
/* End PBXProject section */

/* Begin PBXResourcesBuildPhase section */
		DC0F97052427BE9700E76CF9 /* Resources */ = {
			isa = PBXResourcesBuildPhase;
			buildActionMask = 2147483647;
			files = (
				DC0F97192427BE9900E76CF9 /* LaunchScreen.storyboard in Resources */,
				DC0E690D242F3053009372FC /* GoogleService-Info.plist in Resources */,
				DC02987624317C96007333B0 /* ContactCell.xib in Resources */,
				DC0F97162427BE9900E76CF9 /* Assets.xcassets in Resources */,
				DC02986F24317C96007333B0 /* StartCell.xib in Resources */,
				DC0F97142427BE9700E76CF9 /* Main.storyboard in Resources */,
				DC02987424317C96007333B0 /* SubCell.xib in Resources */,
			);
			runOnlyForDeploymentPostprocessing = 0;
		};
/* End PBXResourcesBuildPhase section */

/* Begin PBXShellScriptBuildPhase section */
		100534F614E5C52F02735C15 /* [CP] Check Pods Manifest.lock */ = {
			isa = PBXShellScriptBuildPhase;
			buildActionMask = 2147483647;
			files = (
			);
			inputFileListPaths = (
			);
			inputPaths = (
				"${PODS_PODFILE_DIR_PATH}/Podfile.lock",
				"${PODS_ROOT}/Manifest.lock",
			);
			name = "[CP] Check Pods Manifest.lock";
			outputFileListPaths = (
			);
			outputPaths = (
				"$(DERIVED_FILE_DIR)/Pods-TT_CovidCity-checkManifestLockResult.txt",
			);
			runOnlyForDeploymentPostprocessing = 0;
			shellPath = /bin/sh;
			shellScript = "diff \"${PODS_PODFILE_DIR_PATH}/Podfile.lock\" \"${PODS_ROOT}/Manifest.lock\" > /dev/null\nif [ $? != 0 ] ; then\n    # print error to STDERR\n    echo \"error: The sandbox is not in sync with the Podfile.lock. Run 'pod install' or update your CocoaPods installation.\" >&2\n    exit 1\nfi\n# This output is used by Xcode 'outputs' to avoid re-running this script phase.\necho \"SUCCESS\" > \"${SCRIPT_OUTPUT_FILE_0}\"\n";
			showEnvVarsInLog = 0;
		};
		1234C5B123B30820A10780D5 /* [CP] Embed Pods Frameworks */ = {
			isa = PBXShellScriptBuildPhase;
			buildActionMask = 2147483647;
			files = (
			);
			inputFileListPaths = (
				"${PODS_ROOT}/Target Support Files/Pods-TT_CovidCity/Pods-TT_CovidCity-frameworks-${CONFIGURATION}-input-files.xcfilelist",
			);
			name = "[CP] Embed Pods Frameworks";
			outputFileListPaths = (
				"${PODS_ROOT}/Target Support Files/Pods-TT_CovidCity/Pods-TT_CovidCity-frameworks-${CONFIGURATION}-output-files.xcfilelist",
			);
			runOnlyForDeploymentPostprocessing = 0;
			shellPath = /bin/sh;
			shellScript = "\"${PODS_ROOT}/Target Support Files/Pods-TT_CovidCity/Pods-TT_CovidCity-frameworks.sh\"\n";
			showEnvVarsInLog = 0;
		};
		CB63FA0D09A24C126701C04A /* [CP] Copy Pods Resources */ = {
			isa = PBXShellScriptBuildPhase;
			buildActionMask = 2147483647;
			files = (
			);
			inputFileListPaths = (
				"${PODS_ROOT}/Target Support Files/Pods-TT_CovidCity/Pods-TT_CovidCity-resources-${CONFIGURATION}-input-files.xcfilelist",
			);
			name = "[CP] Copy Pods Resources";
			outputFileListPaths = (
				"${PODS_ROOT}/Target Support Files/Pods-TT_CovidCity/Pods-TT_CovidCity-resources-${CONFIGURATION}-output-files.xcfilelist",
			);
			runOnlyForDeploymentPostprocessing = 0;
			shellPath = /bin/sh;
			shellScript = "\"${PODS_ROOT}/Target Support Files/Pods-TT_CovidCity/Pods-TT_CovidCity-resources.sh\"\n";
			showEnvVarsInLog = 0;
		};
/* End PBXShellScriptBuildPhase section */

/* Begin PBXSourcesBuildPhase section */
		DC0F97032427BE9700E76CF9 /* Sources */ = {
			isa = PBXSourcesBuildPhase;
			buildActionMask = 2147483647;
			files = (
				DC02985D24317A02007333B0 /* hardcodeContactData.swift in Sources */,
				DC02987224317C96007333B0 /* SubCell.swift in Sources */,
				DC02985B24317A02007333B0 /* Contact.swift in Sources */,
				DC0E6909242EF625009372FC /* RegisterViewController.swift in Sources */,
				DC02987D24317CBD007333B0 /* CustomButton.swift in Sources */,
				DC0F970F2427BE9700E76CF9 /* MapViewController.swift in Sources */,
				DC029841243178E8007333B0 /* DetailViewController.swift in Sources */,
				DC0E690B242EF97D009372FC /* ReportForm.swift in Sources */,
				DC0298492431792B007333B0 /* ResultData.swift in Sources */,
				DC02985C24317A02007333B0 /* Country.swift in Sources */,
				DC0F97262428543400E76CF9 /* ReportViewController.swift in Sources */,
				DC0F97242428542700E76CF9 /* LoginViewController.swift in Sources */,
				DC02987324317C96007333B0 /* ContactCell.swift in Sources */,
				DC02984724317921007333B0 /* DetailInfoView.swift in Sources */,
				DC02985E24317A02007333B0 /* hardcidePostsData.swift in Sources */,
				DC22FE9624299F9600AA5A8B /* PlacesViewController.swift in Sources */,
				DC029854243179DD007333B0 /* WorldcovidManager.swift in Sources */,
				DC02986E24317C96007333B0 /* StartCell.swift in Sources */,
				DC0F972824286D9800E76CF9 /* TabBarController.swift in Sources */,
				DC02987E24317CBD007333B0 /* CustomView2.swift in Sources */,
				DC02985F24317A02007333B0 /* hardcodeVietNamData.swift in Sources */,
				DC02987C24317CBD007333B0 /* CustomView1.swift in Sources */,
				DC02987024317C96007333B0 /* PostCell.swift in Sources */,
				DC029855243179DD007333B0 /* WorldCovidData.swift in Sources */,
				DC0F970B2427BE9700E76CF9 /* AppDelegate.swift in Sources */,
				DC0298CD24317D1B007333B0 /* NewsViewController.swift in Sources */,
				DC0F970D2427BE9700E76CF9 /* SceneDelegate.swift in Sources */,
				DCE6AB90242A34CB007F4BF8 /* MarkerCluster.swift in Sources */,
				DC02984624317921007333B0 /* HanoiDetailView.swift in Sources */,
			);
			runOnlyForDeploymentPostprocessing = 0;
		};
/* End PBXSourcesBuildPhase section */

/* Begin PBXVariantGroup section */
		DC0F97122427BE9700E76CF9 /* Main.storyboard */ = {
			isa = PBXVariantGroup;
			children = (
				DC0F97132427BE9700E76CF9 /* Base */,
			);
			name = Main.storyboard;
			sourceTree = "<group>";
		};
		DC0F97172427BE9900E76CF9 /* LaunchScreen.storyboard */ = {
			isa = PBXVariantGroup;
			children = (
				DC0F97182427BE9900E76CF9 /* Base */,
			);
			name = LaunchScreen.storyboard;
			sourceTree = "<group>";
		};
/* End PBXVariantGroup section */

/* Begin XCBuildConfiguration section */
		DC0F971B2427BE9900E76CF9 /* Debug */ = {
			isa = XCBuildConfiguration;
			buildSettings = {
				ALWAYS_SEARCH_USER_PATHS = NO;
				CLANG_ANALYZER_NONNULL = YES;
				CLANG_ANALYZER_NUMBER_OBJECT_CONVERSION = YES_AGGRESSIVE;
				CLANG_CXX_LANGUAGE_STANDARD = "gnu++14";
				CLANG_CXX_LIBRARY = "libc++";
				CLANG_ENABLE_MODULES = YES;
				CLANG_ENABLE_OBJC_ARC = YES;
				CLANG_ENABLE_OBJC_WEAK = YES;
				CLANG_WARN_BLOCK_CAPTURE_AUTORELEASING = YES;
				CLANG_WARN_BOOL_CONVERSION = YES;
				CLANG_WARN_COMMA = YES;
				CLANG_WARN_CONSTANT_CONVERSION = YES;
				CLANG_WARN_DEPRECATED_OBJC_IMPLEMENTATIONS = YES;
				CLANG_WARN_DIRECT_OBJC_ISA_USAGE = YES_ERROR;
				CLANG_WARN_DOCUMENTATION_COMMENTS = YES;
				CLANG_WARN_EMPTY_BODY = YES;
				CLANG_WARN_ENUM_CONVERSION = YES;
				CLANG_WARN_INFINITE_RECURSION = YES;
				CLANG_WARN_INT_CONVERSION = YES;
				CLANG_WARN_NON_LITERAL_NULL_CONVERSION = YES;
				CLANG_WARN_OBJC_IMPLICIT_RETAIN_SELF = YES;
				CLANG_WARN_OBJC_LITERAL_CONVERSION = YES;
				CLANG_WARN_OBJC_ROOT_CLASS = YES_ERROR;
				CLANG_WARN_RANGE_LOOP_ANALYSIS = YES;
				CLANG_WARN_STRICT_PROTOTYPES = YES;
				CLANG_WARN_SUSPICIOUS_MOVE = YES;
				CLANG_WARN_UNGUARDED_AVAILABILITY = YES_AGGRESSIVE;
				CLANG_WARN_UNREACHABLE_CODE = YES;
				CLANG_WARN__DUPLICATE_METHOD_MATCH = YES;
				COPY_PHASE_STRIP = NO;
				DEBUG_INFORMATION_FORMAT = dwarf;
				ENABLE_STRICT_OBJC_MSGSEND = YES;
				ENABLE_TESTABILITY = YES;
				GCC_C_LANGUAGE_STANDARD = gnu11;
				GCC_DYNAMIC_NO_PIC = NO;
				GCC_NO_COMMON_BLOCKS = YES;
				GCC_OPTIMIZATION_LEVEL = 0;
				GCC_PREPROCESSOR_DEFINITIONS = (
					"DEBUG=1",
					"$(inherited)",
				);
				GCC_WARN_64_TO_32_BIT_CONVERSION = YES;
				GCC_WARN_ABOUT_RETURN_TYPE = YES_ERROR;
				GCC_WARN_UNDECLARED_SELECTOR = YES;
				GCC_WARN_UNINITIALIZED_AUTOS = YES_AGGRESSIVE;
				GCC_WARN_UNUSED_FUNCTION = YES;
				GCC_WARN_UNUSED_VARIABLE = YES;
				IPHONEOS_DEPLOYMENT_TARGET = 13.2;
				MTL_ENABLE_DEBUG_INFO = INCLUDE_SOURCE;
				MTL_FAST_MATH = YES;
				ONLY_ACTIVE_ARCH = YES;
				SDKROOT = iphoneos;
				SWIFT_ACTIVE_COMPILATION_CONDITIONS = DEBUG;
				SWIFT_OPTIMIZATION_LEVEL = "-Onone";
			};
			name = Debug;
		};
		DC0F971C2427BE9900E76CF9 /* Release */ = {
			isa = XCBuildConfiguration;
			buildSettings = {
				ALWAYS_SEARCH_USER_PATHS = NO;
				CLANG_ANALYZER_NONNULL = YES;
				CLANG_ANALYZER_NUMBER_OBJECT_CONVERSION = YES_AGGRESSIVE;
				CLANG_CXX_LANGUAGE_STANDARD = "gnu++14";
				CLANG_CXX_LIBRARY = "libc++";
				CLANG_ENABLE_MODULES = YES;
				CLANG_ENABLE_OBJC_ARC = YES;
				CLANG_ENABLE_OBJC_WEAK = YES;
				CLANG_WARN_BLOCK_CAPTURE_AUTORELEASING = YES;
				CLANG_WARN_BOOL_CONVERSION = YES;
				CLANG_WARN_COMMA = YES;
				CLANG_WARN_CONSTANT_CONVERSION = YES;
				CLANG_WARN_DEPRECATED_OBJC_IMPLEMENTATIONS = YES;
				CLANG_WARN_DIRECT_OBJC_ISA_USAGE = YES_ERROR;
				CLANG_WARN_DOCUMENTATION_COMMENTS = YES;
				CLANG_WARN_EMPTY_BODY = YES;
				CLANG_WARN_ENUM_CONVERSION = YES;
				CLANG_WARN_INFINITE_RECURSION = YES;
				CLANG_WARN_INT_CONVERSION = YES;
				CLANG_WARN_NON_LITERAL_NULL_CONVERSION = YES;
				CLANG_WARN_OBJC_IMPLICIT_RETAIN_SELF = YES;
				CLANG_WARN_OBJC_LITERAL_CONVERSION = YES;
				CLANG_WARN_OBJC_ROOT_CLASS = YES_ERROR;
				CLANG_WARN_RANGE_LOOP_ANALYSIS = YES;
				CLANG_WARN_STRICT_PROTOTYPES = YES;
				CLANG_WARN_SUSPICIOUS_MOVE = YES;
				CLANG_WARN_UNGUARDED_AVAILABILITY = YES_AGGRESSIVE;
				CLANG_WARN_UNREACHABLE_CODE = YES;
				CLANG_WARN__DUPLICATE_METHOD_MATCH = YES;
				COPY_PHASE_STRIP = NO;
				DEBUG_INFORMATION_FORMAT = "dwarf-with-dsym";
				ENABLE_NS_ASSERTIONS = NO;
				ENABLE_STRICT_OBJC_MSGSEND = YES;
				GCC_C_LANGUAGE_STANDARD = gnu11;
				GCC_NO_COMMON_BLOCKS = YES;
				GCC_WARN_64_TO_32_BIT_CONVERSION = YES;
				GCC_WARN_ABOUT_RETURN_TYPE = YES_ERROR;
				GCC_WARN_UNDECLARED_SELECTOR = YES;
				GCC_WARN_UNINITIALIZED_AUTOS = YES_AGGRESSIVE;
				GCC_WARN_UNUSED_FUNCTION = YES;
				GCC_WARN_UNUSED_VARIABLE = YES;
				IPHONEOS_DEPLOYMENT_TARGET = 13.2;
				MTL_ENABLE_DEBUG_INFO = NO;
				MTL_FAST_MATH = YES;
				SDKROOT = iphoneos;
				SWIFT_COMPILATION_MODE = wholemodule;
				SWIFT_OPTIMIZATION_LEVEL = "-O";
				VALIDATE_PRODUCT = YES;
			};
			name = Release;
		};
		DC0F971E2427BE9900E76CF9 /* Debug */ = {
			isa = XCBuildConfiguration;
			baseConfigurationReference = 6019EAEF4104099C3E4F5D0F /* Pods-TT_CovidCity.debug.xcconfig */;
			buildSettings = {
				ASSETCATALOG_COMPILER_APPICON_NAME = AppIcon;
				CODE_SIGN_STYLE = Automatic;
				DEVELOPMENT_TEAM = N2TUE3Q7K8;
				INFOPLIST_FILE = TT_CovidCity/Info.plist;
				IPHONEOS_DEPLOYMENT_TARGET = 13.0;
				LD_RUNPATH_SEARCH_PATHS = (
					"$(inherited)",
					"@executable_path/Frameworks",
				);
				PRODUCT_BUNDLE_IDENTIFIER = "com.home.TT-CovidCity";
				PRODUCT_NAME = TT_CovidCity;
				SWIFT_VERSION = 5.0;
				TARGETED_DEVICE_FAMILY = 1;
			};
			name = Debug;
		};
		DC0F971F2427BE9900E76CF9 /* Release */ = {
			isa = XCBuildConfiguration;
			baseConfigurationReference = 63FB8025F3FBA73F4C5510B5 /* Pods-TT_CovidCity.release.xcconfig */;
			buildSettings = {
				ASSETCATALOG_COMPILER_APPICON_NAME = AppIcon;
				CODE_SIGN_STYLE = Automatic;
				DEVELOPMENT_TEAM = N2TUE3Q7K8;
				INFOPLIST_FILE = TT_CovidCity/Info.plist;
				IPHONEOS_DEPLOYMENT_TARGET = 13.0;
				LD_RUNPATH_SEARCH_PATHS = (
					"$(inherited)",
					"@executable_path/Frameworks",
				);
				PRODUCT_BUNDLE_IDENTIFIER = "com.home.TT-CovidCity";
				PRODUCT_NAME = TT_CovidCity;
				SWIFT_VERSION = 5.0;
				TARGETED_DEVICE_FAMILY = 1;
			};
			name = Release;
		};
/* End XCBuildConfiguration section */

/* Begin XCConfigurationList section */
		DC0F97022427BE9600E76CF9 /* Build configuration list for PBXProject "TT_CovidCity" */ = {
			isa = XCConfigurationList;
			buildConfigurations = (
				DC0F971B2427BE9900E76CF9 /* Debug */,
				DC0F971C2427BE9900E76CF9 /* Release */,
			);
			defaultConfigurationIsVisible = 0;
			defaultConfigurationName = Release;
		};
		DC0F971D2427BE9900E76CF9 /* Build configuration list for PBXNativeTarget "TT_CovidCity" */ = {
			isa = XCConfigurationList;
			buildConfigurations = (
				DC0F971E2427BE9900E76CF9 /* Debug */,
				DC0F971F2427BE9900E76CF9 /* Release */,
			);
			defaultConfigurationIsVisible = 0;
			defaultConfigurationName = Release;
		};
/* End XCConfigurationList section */
	};
	rootObject = DC0F96FF2427BE9600E76CF9 /* Project object */;
}
