// !$*UTF8*$!
{
	archiveVersion = 1;
	classes = {
	};
	objectVersion = 51;
	objects = {

/* Begin PBXBuildFile section */
		4D0263C9245E241400692757 /* Location.swift in Sources */ = {isa = PBXBuildFile; fileRef = 4D0263C8245E241400692757 /* Location.swift */; };
		4D1CF1AF244042CA00265377 /* FullPostController.swift in Sources */ = {isa = PBXBuildFile; fileRef = 4D1CF1AE244042CA00265377 /* FullPostController.swift */; };
		4D1CF1B2244056C400265377 /* FullPostCell.swift in Sources */ = {isa = PBXBuildFile; fileRef = 4D1CF1B0244056C400265377 /* FullPostCell.swift */; };
		4D1CF1B3244056C400265377 /* FullPostCell.xib in Resources */ = {isa = PBXBuildFile; fileRef = 4D1CF1B1244056C400265377 /* FullPostCell.xib */; };
		4D2CE677245B67F800AC7F51 /* OrangeButton.swift in Sources */ = {isa = PBXBuildFile; fileRef = 4D2CE676245B67F800AC7F51 /* OrangeButton.swift */; };
		4DB2E8EC2442BB2400AFE9F2 /* CommentCell.swift in Sources */ = {isa = PBXBuildFile; fileRef = 4DB2E8EA2442BB2400AFE9F2 /* CommentCell.swift */; };
		4DB2E8ED2442BB2500AFE9F2 /* CommentCell.xib in Resources */ = {isa = PBXBuildFile; fileRef = 4DB2E8EB2442BB2400AFE9F2 /* CommentCell.xib */; };
		4DB2E8F1244300C400AFE9F2 /* ViewWithCustomCorner.swift in Sources */ = {isa = PBXBuildFile; fileRef = 4DB2E8F0244300C400AFE9F2 /* ViewWithCustomCorner.swift */; };
		4DFA41D4243F086E00BE9832 /* ContactManager.swift in Sources */ = {isa = PBXBuildFile; fileRef = 4DFA41D3243F086E00BE9832 /* ContactManager.swift */; };
		4DFA41D8243F096500BE9832 /* Post.swift in Sources */ = {isa = PBXBuildFile; fileRef = 4DFA41D7243F096500BE9832 /* Post.swift */; };
		4DFA41DA243F098E00BE9832 /* ContactResultData.swift in Sources */ = {isa = PBXBuildFile; fileRef = 4DFA41D9243F098E00BE9832 /* ContactResultData.swift */; };
		4DFA41E0244015DF00BE9832 /* PostCell.xib in Resources */ = {isa = PBXBuildFile; fileRef = 4DFA41DE244015DF00BE9832 /* PostCell.xib */; };
		91B2B4502450B51700F7F541 /* PostManager.swift in Sources */ = {isa = PBXBuildFile; fileRef = 91B2B44F2450B51700F7F541 /* PostManager.swift */; };
		91B2B4532450BC5300F7F541 /* CommentManager.swift in Sources */ = {isa = PBXBuildFile; fileRef = 91B2B4522450BC5300F7F541 /* CommentManager.swift */; };
		91B2B4552450BF1B00F7F541 /* SinglePostManager.swift in Sources */ = {isa = PBXBuildFile; fileRef = 91B2B4542450BF1B00F7F541 /* SinglePostManager.swift */; };
		91B2B45724514F2400F7F541 /* User.swift in Sources */ = {isa = PBXBuildFile; fileRef = 91B2B45624514F2400F7F541 /* User.swift */; };
		91B2B45924514FC900F7F541 /* UserManager.swift in Sources */ = {isa = PBXBuildFile; fileRef = 91B2B45824514FC900F7F541 /* UserManager.swift */; };
		91B2B45B245153BF00F7F541 /* SingleUserManager.swift in Sources */ = {isa = PBXBuildFile; fileRef = 91B2B45A245153BF00F7F541 /* SingleUserManager.swift */; };
		91B2B45E2451877600F7F541 /* ConstString.swift in Sources */ = {isa = PBXBuildFile; fileRef = 91B2B45D2451877600F7F541 /* ConstString.swift */; };
		91B2B4602451A8D400F7F541 /* UtilitiesFunction.swift in Sources */ = {isa = PBXBuildFile; fileRef = 91B2B45F2451A8D400F7F541 /* UtilitiesFunction.swift */; };
		91B4C95F2448C1050012155C /* ButtonPressed.swift in Sources */ = {isa = PBXBuildFile; fileRef = 91B4C95E2448C1050012155C /* ButtonPressed.swift */; };
		91BD69C3244DE13200D44FCB /* LoginTextField.swift in Sources */ = {isa = PBXBuildFile; fileRef = 91BD69C2244DE13200D44FCB /* LoginTextField.swift */; };
		91BD69D5244EEA9000D44FCB /* AdminViewController.swift in Sources */ = {isa = PBXBuildFile; fileRef = 91BD69D4244EEA9000D44FCB /* AdminViewController.swift */; };
		91BD69D8244F55F900D44FCB /* AlertService.swift in Sources */ = {isa = PBXBuildFile; fileRef = 91BD69D7244F55F900D44FCB /* AlertService.swift */; };
		91BD69DA244F74A200D44FCB /* ImageService.swift in Sources */ = {isa = PBXBuildFile; fileRef = 91BD69D9244F74A200D44FCB /* ImageService.swift */; };
		91FD96492455D028003A2D9A /* ChoosePlaceController.swift in Sources */ = {isa = PBXBuildFile; fileRef = 91FD96482455D028003A2D9A /* ChoosePlaceController.swift */; };
		91FD964F2455F405003A2D9A /* SearchView.swift in Sources */ = {isa = PBXBuildFile; fileRef = 91FD964E2455F405003A2D9A /* SearchView.swift */; };
		91FD9671245608B4003A2D9A /* DetailSearchPlaceController.swift in Sources */ = {isa = PBXBuildFile; fileRef = 91FD9670245608B4003A2D9A /* DetailSearchPlaceController.swift */; };
		91FD96752456C08B003A2D9A /* VisitedLocation.swift in Sources */ = {isa = PBXBuildFile; fileRef = 91FD96742456C08B003A2D9A /* VisitedLocation.swift */; };
		91FD96772456CA7A003A2D9A /* GrayButton.swift in Sources */ = {isa = PBXBuildFile; fileRef = 91FD96762456CA7A003A2D9A /* GrayButton.swift */; };
		91FD96792456E00B003A2D9A /* VisitedLocationManager.swift in Sources */ = {isa = PBXBuildFile; fileRef = 91FD96782456E00B003A2D9A /* VisitedLocationManager.swift */; };
		B24D1B6410556D1CF29D4D51 /* Pods_TT_CovidCity.framework in Frameworks */ = {isa = PBXBuildFile; fileRef = 69448D03686872D199064893 /* Pods_TT_CovidCity.framework */; };
		DC029841243178E8007333B0 /* DetailViewController.swift in Sources */ = {isa = PBXBuildFile; fileRef = DC029840243178E8007333B0 /* DetailViewController.swift */; };
		DC02984724317921007333B0 /* DetailInfoView.swift in Sources */ = {isa = PBXBuildFile; fileRef = DC02984524317921007333B0 /* DetailInfoView.swift */; };
		DC0298492431792B007333B0 /* ResultData.swift in Sources */ = {isa = PBXBuildFile; fileRef = DC0298482431792B007333B0 /* ResultData.swift */; };
		DC029854243179DD007333B0 /* WorldcovidManager.swift in Sources */ = {isa = PBXBuildFile; fileRef = DC029852243179DB007333B0 /* WorldcovidManager.swift */; };
		DC029855243179DD007333B0 /* WorldCovidData.swift in Sources */ = {isa = PBXBuildFile; fileRef = DC029853243179DD007333B0 /* WorldCovidData.swift */; };
		DC02985B24317A02007333B0 /* Contact.swift in Sources */ = {isa = PBXBuildFile; fileRef = DC029856243179FD007333B0 /* Contact.swift */; };
		DC02985C24317A02007333B0 /* Country.swift in Sources */ = {isa = PBXBuildFile; fileRef = DC029857243179FE007333B0 /* Country.swift */; };
		DC02986E24317C96007333B0 /* StartCell.swift in Sources */ = {isa = PBXBuildFile; fileRef = DC02986324317C8B007333B0 /* StartCell.swift */; };
		DC02986F24317C96007333B0 /* StartCell.xib in Resources */ = {isa = PBXBuildFile; fileRef = DC02986424317C8D007333B0 /* StartCell.xib */; };
		DC02987024317C96007333B0 /* PostCell.swift in Sources */ = {isa = PBXBuildFile; fileRef = DC02986524317C8E007333B0 /* PostCell.swift */; };
		DC02987224317C96007333B0 /* SubCell.swift in Sources */ = {isa = PBXBuildFile; fileRef = DC02986724317C90007333B0 /* SubCell.swift */; };
		DC02987324317C96007333B0 /* ContactCell.swift in Sources */ = {isa = PBXBuildFile; fileRef = DC02986824317C91007333B0 /* ContactCell.swift */; };
		DC02987424317C96007333B0 /* SubCell.xib in Resources */ = {isa = PBXBuildFile; fileRef = DC02986924317C92007333B0 /* SubCell.xib */; };
		DC02987624317C96007333B0 /* ContactCell.xib in Resources */ = {isa = PBXBuildFile; fileRef = DC02986B24317C95007333B0 /* ContactCell.xib */; };
		DC02987C24317CBD007333B0 /* WhiteBackgroundView.swift in Sources */ = {isa = PBXBuildFile; fileRef = DC02987924317CBD007333B0 /* WhiteBackgroundView.swift */; };
		DC02987D24317CBD007333B0 /* RedButton.swift in Sources */ = {isa = PBXBuildFile; fileRef = DC02987A24317CBD007333B0 /* RedButton.swift */; };
		DC02987E24317CBD007333B0 /* RedBackgroundView.swift in Sources */ = {isa = PBXBuildFile; fileRef = DC02987B24317CBD007333B0 /* RedBackgroundView.swift */; };
		DC0298CD24317D1B007333B0 /* NewsViewController.swift in Sources */ = {isa = PBXBuildFile; fileRef = DC0298CC24317D1B007333B0 /* NewsViewController.swift */; };
		DC0E6909242EF625009372FC /* RegisterViewController.swift in Sources */ = {isa = PBXBuildFile; fileRef = DC0E6908242EF625009372FC /* RegisterViewController.swift */; };
		DC0E690D242F3053009372FC /* GoogleService-Info.plist in Resources */ = {isa = PBXBuildFile; fileRef = DC0E690C242F3053009372FC /* GoogleService-Info.plist */; };
		DC0F970B2427BE9700E76CF9 /* AppDelegate.swift in Sources */ = {isa = PBXBuildFile; fileRef = DC0F970A2427BE9700E76CF9 /* AppDelegate.swift */; };
		DC0F970D2427BE9700E76CF9 /* SceneDelegate.swift in Sources */ = {isa = PBXBuildFile; fileRef = DC0F970C2427BE9700E76CF9 /* SceneDelegate.swift */; };
		DC0F970F2427BE9700E76CF9 /* MapViewController.swift in Sources */ = {isa = PBXBuildFile; fileRef = DC0F970E2427BE9700E76CF9 /* MapViewController.swift */; };
		DC0F97142427BE9700E76CF9 /* Main.storyboard in Resources */ = {isa = PBXBuildFile; fileRef = DC0F97122427BE9700E76CF9 /* Main.storyboard */; };
		DC0F97162427BE9900E76CF9 /* Assets.xcassets in Resources */ = {isa = PBXBuildFile; fileRef = DC0F97152427BE9900E76CF9 /* Assets.xcassets */; };
		DC0F97192427BE9900E76CF9 /* LaunchScreen.storyboard in Resources */ = {isa = PBXBuildFile; fileRef = DC0F97172427BE9900E76CF9 /* LaunchScreen.storyboard */; };
		DC0F97242428542700E76CF9 /* LoginViewController.swift in Sources */ = {isa = PBXBuildFile; fileRef = DC0F97232428542700E76CF9 /* LoginViewController.swift */; };
		DC0F97262428543400E76CF9 /* ReportViewController.swift in Sources */ = {isa = PBXBuildFile; fileRef = DC0F97252428543400E76CF9 /* ReportViewController.swift */; };
		DC0F972824286D9800E76CF9 /* TabBarController.swift in Sources */ = {isa = PBXBuildFile; fileRef = DC0F972724286D9800E76CF9 /* TabBarController.swift */; };
		DC22FE9624299F9600AA5A8B /* PlacesViewController.swift in Sources */ = {isa = PBXBuildFile; fileRef = DC22FE9524299F9600AA5A8B /* PlacesViewController.swift */; };
		DCB1833C24586763009A47E8 /* FindViewController.swift in Sources */ = {isa = PBXBuildFile; fileRef = DCB1833B24586763009A47E8 /* FindViewController.swift */; };
		DCE6AB90242A34CB007F4BF8 /* MarkerCluster.swift in Sources */ = {isa = PBXBuildFile; fileRef = DCE6AB8F242A34CB007F4BF8 /* MarkerCluster.swift */; };
/* End PBXBuildFile section */

/* Begin PBXFileReference section */
		4D0263C8245E241400692757 /* Location.swift */ = {isa = PBXFileReference; lastKnownFileType = sourcecode.swift; path = Location.swift; sourceTree = "<group>"; };
		4D1CF1AE244042CA00265377 /* FullPostController.swift */ = {isa = PBXFileReference; lastKnownFileType = sourcecode.swift; path = FullPostController.swift; sourceTree = "<group>"; };
		4D1CF1B0244056C400265377 /* FullPostCell.swift */ = {isa = PBXFileReference; lastKnownFileType = sourcecode.swift; path = FullPostCell.swift; sourceTree = "<group>"; };
		4D1CF1B1244056C400265377 /* FullPostCell.xib */ = {isa = PBXFileReference; lastKnownFileType = file.xib; path = FullPostCell.xib; sourceTree = "<group>"; };
		4D2CE676245B67F800AC7F51 /* OrangeButton.swift */ = {isa = PBXFileReference; lastKnownFileType = sourcecode.swift; path = OrangeButton.swift; sourceTree = "<group>"; };
		4DB2E8EA2442BB2400AFE9F2 /* CommentCell.swift */ = {isa = PBXFileReference; lastKnownFileType = sourcecode.swift; path = CommentCell.swift; sourceTree = "<group>"; };
		4DB2E8EB2442BB2400AFE9F2 /* CommentCell.xib */ = {isa = PBXFileReference; lastKnownFileType = file.xib; path = CommentCell.xib; sourceTree = "<group>"; };
		4DB2E8F0244300C400AFE9F2 /* ViewWithCustomCorner.swift */ = {isa = PBXFileReference; lastKnownFileType = sourcecode.swift; path = ViewWithCustomCorner.swift; sourceTree = "<group>"; };
		4DFA41D3243F086E00BE9832 /* ContactManager.swift */ = {isa = PBXFileReference; lastKnownFileType = sourcecode.swift; path = ContactManager.swift; sourceTree = "<group>"; };
		4DFA41D7243F096500BE9832 /* Post.swift */ = {isa = PBXFileReference; lastKnownFileType = sourcecode.swift; path = Post.swift; sourceTree = "<group>"; };
		4DFA41D9243F098E00BE9832 /* ContactResultData.swift */ = {isa = PBXFileReference; lastKnownFileType = sourcecode.swift; path = ContactResultData.swift; sourceTree = "<group>"; };
		4DFA41DE244015DF00BE9832 /* PostCell.xib */ = {isa = PBXFileReference; lastKnownFileType = file.xib; path = PostCell.xib; sourceTree = "<group>"; };
		69448D03686872D199064893 /* Pods_TT_CovidCity.framework */ = {isa = PBXFileReference; explicitFileType = wrapper.framework; includeInIndex = 0; path = Pods_TT_CovidCity.framework; sourceTree = BUILT_PRODUCTS_DIR; };
		91B2B44F2450B51700F7F541 /* PostManager.swift */ = {isa = PBXFileReference; lastKnownFileType = sourcecode.swift; path = PostManager.swift; sourceTree = "<group>"; };
		91B2B4522450BC5300F7F541 /* CommentManager.swift */ = {isa = PBXFileReference; lastKnownFileType = sourcecode.swift; path = CommentManager.swift; sourceTree = "<group>"; };
		91B2B4542450BF1B00F7F541 /* SinglePostManager.swift */ = {isa = PBXFileReference; lastKnownFileType = sourcecode.swift; path = SinglePostManager.swift; sourceTree = "<group>"; };
		91B2B45624514F2400F7F541 /* User.swift */ = {isa = PBXFileReference; lastKnownFileType = sourcecode.swift; path = User.swift; sourceTree = "<group>"; };
		91B2B45824514FC900F7F541 /* UserManager.swift */ = {isa = PBXFileReference; lastKnownFileType = sourcecode.swift; path = UserManager.swift; sourceTree = "<group>"; };
		91B2B45A245153BF00F7F541 /* SingleUserManager.swift */ = {isa = PBXFileReference; lastKnownFileType = sourcecode.swift; path = SingleUserManager.swift; sourceTree = "<group>"; };
		91B2B45D2451877600F7F541 /* ConstString.swift */ = {isa = PBXFileReference; lastKnownFileType = sourcecode.swift; path = ConstString.swift; sourceTree = "<group>"; };
		91B2B45F2451A8D400F7F541 /* UtilitiesFunction.swift */ = {isa = PBXFileReference; lastKnownFileType = sourcecode.swift; path = UtilitiesFunction.swift; sourceTree = "<group>"; };
		91B4C95E2448C1050012155C /* ButtonPressed.swift */ = {isa = PBXFileReference; lastKnownFileType = sourcecode.swift; path = ButtonPressed.swift; sourceTree = "<group>"; };
		91BD69C2244DE13200D44FCB /* LoginTextField.swift */ = {isa = PBXFileReference; lastKnownFileType = sourcecode.swift; path = LoginTextField.swift; sourceTree = "<group>"; };
		91BD69D4244EEA9000D44FCB /* AdminViewController.swift */ = {isa = PBXFileReference; lastKnownFileType = sourcecode.swift; path = AdminViewController.swift; sourceTree = "<group>"; };
		91BD69D7244F55F900D44FCB /* AlertService.swift */ = {isa = PBXFileReference; lastKnownFileType = sourcecode.swift; path = AlertService.swift; sourceTree = "<group>"; };
		91BD69D9244F74A200D44FCB /* ImageService.swift */ = {isa = PBXFileReference; lastKnownFileType = sourcecode.swift; path = ImageService.swift; sourceTree = "<group>"; };
		91FD96482455D028003A2D9A /* ChoosePlaceController.swift */ = {isa = PBXFileReference; lastKnownFileType = sourcecode.swift; path = ChoosePlaceController.swift; sourceTree = "<group>"; };
		91FD964E2455F405003A2D9A /* SearchView.swift */ = {isa = PBXFileReference; lastKnownFileType = sourcecode.swift; path = SearchView.swift; sourceTree = "<group>"; };
		91FD9670245608B4003A2D9A /* DetailSearchPlaceController.swift */ = {isa = PBXFileReference; lastKnownFileType = sourcecode.swift; path = DetailSearchPlaceController.swift; sourceTree = "<group>"; };
		91FD96742456C08B003A2D9A /* VisitedLocation.swift */ = {isa = PBXFileReference; lastKnownFileType = sourcecode.swift; path = VisitedLocation.swift; sourceTree = "<group>"; };
		91FD96762456CA7A003A2D9A /* GrayButton.swift */ = {isa = PBXFileReference; lastKnownFileType = sourcecode.swift; path = GrayButton.swift; sourceTree = "<group>"; };
		91FD96782456E00B003A2D9A /* VisitedLocationManager.swift */ = {isa = PBXFileReference; lastKnownFileType = sourcecode.swift; path = VisitedLocationManager.swift; sourceTree = "<group>"; };
		DC029840243178E8007333B0 /* DetailViewController.swift */ = {isa = PBXFileReference; fileEncoding = 4; lastKnownFileType = sourcecode.swift; path = DetailViewController.swift; sourceTree = "<group>"; };
		DC02984524317921007333B0 /* DetailInfoView.swift */ = {isa = PBXFileReference; fileEncoding = 4; lastKnownFileType = sourcecode.swift; path = DetailInfoView.swift; sourceTree = "<group>"; };
		DC0298482431792B007333B0 /* ResultData.swift */ = {isa = PBXFileReference; fileEncoding = 4; lastKnownFileType = sourcecode.swift; path = ResultData.swift; sourceTree = "<group>"; };
		DC029852243179DB007333B0 /* WorldcovidManager.swift */ = {isa = PBXFileReference; fileEncoding = 4; lastKnownFileType = sourcecode.swift; path = WorldcovidManager.swift; sourceTree = "<group>"; };
		DC029853243179DD007333B0 /* WorldCovidData.swift */ = {isa = PBXFileReference; fileEncoding = 4; lastKnownFileType = sourcecode.swift; path = WorldCovidData.swift; sourceTree = "<group>"; };
		DC029856243179FD007333B0 /* Contact.swift */ = {isa = PBXFileReference; fileEncoding = 4; lastKnownFileType = sourcecode.swift; path = Contact.swift; sourceTree = "<group>"; };
		DC029857243179FE007333B0 /* Country.swift */ = {isa = PBXFileReference; fileEncoding = 4; lastKnownFileType = sourcecode.swift; path = Country.swift; sourceTree = "<group>"; };
		DC02986324317C8B007333B0 /* StartCell.swift */ = {isa = PBXFileReference; fileEncoding = 4; lastKnownFileType = sourcecode.swift; path = StartCell.swift; sourceTree = "<group>"; };
		DC02986424317C8D007333B0 /* StartCell.xib */ = {isa = PBXFileReference; fileEncoding = 4; lastKnownFileType = file.xib; path = StartCell.xib; sourceTree = "<group>"; };
		DC02986524317C8E007333B0 /* PostCell.swift */ = {isa = PBXFileReference; fileEncoding = 4; lastKnownFileType = sourcecode.swift; path = PostCell.swift; sourceTree = "<group>"; };
		DC02986724317C90007333B0 /* SubCell.swift */ = {isa = PBXFileReference; fileEncoding = 4; lastKnownFileType = sourcecode.swift; path = SubCell.swift; sourceTree = "<group>"; };
		DC02986824317C91007333B0 /* ContactCell.swift */ = {isa = PBXFileReference; fileEncoding = 4; lastKnownFileType = sourcecode.swift; path = ContactCell.swift; sourceTree = "<group>"; };
		DC02986924317C92007333B0 /* SubCell.xib */ = {isa = PBXFileReference; fileEncoding = 4; lastKnownFileType = file.xib; path = SubCell.xib; sourceTree = "<group>"; };
		DC02986B24317C95007333B0 /* ContactCell.xib */ = {isa = PBXFileReference; fileEncoding = 4; lastKnownFileType = file.xib; path = ContactCell.xib; sourceTree = "<group>"; };
		DC02987924317CBD007333B0 /* WhiteBackgroundView.swift */ = {isa = PBXFileReference; fileEncoding = 4; lastKnownFileType = sourcecode.swift; path = WhiteBackgroundView.swift; sourceTree = "<group>"; };
		DC02987A24317CBD007333B0 /* RedButton.swift */ = {isa = PBXFileReference; fileEncoding = 4; lastKnownFileType = sourcecode.swift; path = RedButton.swift; sourceTree = "<group>"; };
		DC02987B24317CBD007333B0 /* RedBackgroundView.swift */ = {isa = PBXFileReference; fileEncoding = 4; lastKnownFileType = sourcecode.swift; path = RedBackgroundView.swift; sourceTree = "<group>"; };
		DC0298CC24317D1B007333B0 /* NewsViewController.swift */ = {isa = PBXFileReference; fileEncoding = 4; lastKnownFileType = sourcecode.swift; path = NewsViewController.swift; sourceTree = "<group>"; };
		DC0E6908242EF625009372FC /* RegisterViewController.swift */ = {isa = PBXFileReference; lastKnownFileType = sourcecode.swift; path = RegisterViewController.swift; sourceTree = "<group>"; };
		DC0E690C242F3053009372FC /* GoogleService-Info.plist */ = {isa = PBXFileReference; fileEncoding = 4; lastKnownFileType = text.plist.xml; path = "GoogleService-Info.plist"; sourceTree = SOURCE_ROOT; };
		DC0F97072427BE9700E76CF9 /* TT_CovidCity.app */ = {isa = PBXFileReference; explicitFileType = wrapper.application; includeInIndex = 0; path = TT_CovidCity.app; sourceTree = BUILT_PRODUCTS_DIR; };
		DC0F970A2427BE9700E76CF9 /* AppDelegate.swift */ = {isa = PBXFileReference; lastKnownFileType = sourcecode.swift; path = AppDelegate.swift; sourceTree = "<group>"; };
		DC0F970C2427BE9700E76CF9 /* SceneDelegate.swift */ = {isa = PBXFileReference; lastKnownFileType = sourcecode.swift; path = SceneDelegate.swift; sourceTree = "<group>"; };
		DC0F970E2427BE9700E76CF9 /* MapViewController.swift */ = {isa = PBXFileReference; lastKnownFileType = sourcecode.swift; path = MapViewController.swift; sourceTree = "<group>"; };
		DC0F97132427BE9700E76CF9 /* Base */ = {isa = PBXFileReference; lastKnownFileType = file.storyboard; name = Base; path = Base.lproj/Main.storyboard; sourceTree = "<group>"; };
		DC0F97152427BE9900E76CF9 /* Assets.xcassets */ = {isa = PBXFileReference; lastKnownFileType = folder.assetcatalog; path = Assets.xcassets; sourceTree = "<group>"; };
		DC0F97182427BE9900E76CF9 /* Base */ = {isa = PBXFileReference; lastKnownFileType = file.storyboard; name = Base; path = Base.lproj/LaunchScreen.storyboard; sourceTree = "<group>"; };
		DC0F971A2427BE9900E76CF9 /* Info.plist */ = {isa = PBXFileReference; lastKnownFileType = text.plist.xml; path = Info.plist; sourceTree = "<group>"; };
		DC0F97232428542700E76CF9 /* LoginViewController.swift */ = {isa = PBXFileReference; lastKnownFileType = sourcecode.swift; path = LoginViewController.swift; sourceTree = "<group>"; };
		DC0F97252428543400E76CF9 /* ReportViewController.swift */ = {isa = PBXFileReference; lastKnownFileType = sourcecode.swift; path = ReportViewController.swift; sourceTree = "<group>"; };
		DC0F972724286D9800E76CF9 /* TabBarController.swift */ = {isa = PBXFileReference; lastKnownFileType = sourcecode.swift; path = TabBarController.swift; sourceTree = "<group>"; };
		DC22FE9524299F9600AA5A8B /* PlacesViewController.swift */ = {isa = PBXFileReference; lastKnownFileType = sourcecode.swift; path = PlacesViewController.swift; sourceTree = "<group>"; };
		DCB1833B24586763009A47E8 /* FindViewController.swift */ = {isa = PBXFileReference; lastKnownFileType = sourcecode.swift; path = FindViewController.swift; sourceTree = "<group>"; };
		DCE6AB8F242A34CB007F4BF8 /* MarkerCluster.swift */ = {isa = PBXFileReference; lastKnownFileType = sourcecode.swift; path = MarkerCluster.swift; sourceTree = "<group>"; };
		E2C040D6C5AE01A044C2157D /* Pods-TT_CovidCity.release.xcconfig */ = {isa = PBXFileReference; includeInIndex = 1; lastKnownFileType = text.xcconfig; name = "Pods-TT_CovidCity.release.xcconfig"; path = "Target Support Files/Pods-TT_CovidCity/Pods-TT_CovidCity.release.xcconfig"; sourceTree = "<group>"; };
		E8E892D5D653A2ECCD0566E9 /* Pods-TT_CovidCity.debug.xcconfig */ = {isa = PBXFileReference; includeInIndex = 1; lastKnownFileType = text.xcconfig; name = "Pods-TT_CovidCity.debug.xcconfig"; path = "Target Support Files/Pods-TT_CovidCity/Pods-TT_CovidCity.debug.xcconfig"; sourceTree = "<group>"; };
/* End PBXFileReference section */

/* Begin PBXFrameworksBuildPhase section */
		DC0F97042427BE9700E76CF9 /* Frameworks */ = {
			isa = PBXFrameworksBuildPhase;
			buildActionMask = 2147483647;
			files = (
				B24D1B6410556D1CF29D4D51 /* Pods_TT_CovidCity.framework in Frameworks */,
			);
			runOnlyForDeploymentPostprocessing = 0;
		};
/* End PBXFrameworksBuildPhase section */

/* Begin PBXGroup section */
		1412B91538DFA14CEEDE28E4 /* Frameworks */ = {
			isa = PBXGroup;
			children = (
				69448D03686872D199064893 /* Pods_TT_CovidCity.framework */,
			);
			name = Frameworks;
			sourceTree = "<group>";
		};
		91B2B45C2451872400F7F541 /* Utilities */ = {
			isa = PBXGroup;
			children = (
				91B2B45D2451877600F7F541 /* ConstString.swift */,
				91B2B45F2451A8D400F7F541 /* UtilitiesFunction.swift */,
			);
			path = Utilities;
			sourceTree = "<group>";
		};
		91BD69C4244ED96400D44FCB /* PostCellEvent */ = {
			isa = PBXGroup;
			children = (
				91B4C95E2448C1050012155C /* ButtonPressed.swift */,
			);
			path = PostCellEvent;
			sourceTree = "<group>";
		};
		91BD69C5244ED99A00D44FCB /* ContactCell */ = {
			isa = PBXGroup;
			children = (
				DC02986B24317C95007333B0 /* ContactCell.xib */,
				DC02986824317C91007333B0 /* ContactCell.swift */,
			);
			path = ContactCell;
			sourceTree = "<group>";
		};
		91BD69C6244ED9A800D44FCB /* StartCell */ = {
			isa = PBXGroup;
			children = (
				DC02986324317C8B007333B0 /* StartCell.swift */,
				DC02986424317C8D007333B0 /* StartCell.xib */,
			);
			path = StartCell;
			sourceTree = "<group>";
		};
		91BD69C7244EDA6A00D44FCB /* SubCell */ = {
			isa = PBXGroup;
			children = (
				DC02986724317C90007333B0 /* SubCell.swift */,
				DC02986924317C92007333B0 /* SubCell.xib */,
			);
			path = SubCell;
			sourceTree = "<group>";
		};
		91BD69C8244EDA8100D44FCB /* PostCell */ = {
			isa = PBXGroup;
			children = (
				4DFA41DE244015DF00BE9832 /* PostCell.xib */,
				DC02986524317C8E007333B0 /* PostCell.swift */,
			);
			path = PostCell;
			sourceTree = "<group>";
		};
		91BD69C9244EDA9000D44FCB /* FullPostCell */ = {
			isa = PBXGroup;
			children = (
				4D1CF1B1244056C400265377 /* FullPostCell.xib */,
				4D1CF1B0244056C400265377 /* FullPostCell.swift */,
			);
			path = FullPostCell;
			sourceTree = "<group>";
		};
		91BD69CA244EDAA900D44FCB /* CommentCell */ = {
			isa = PBXGroup;
			children = (
				4DB2E8EA2442BB2400AFE9F2 /* CommentCell.swift */,
				4DB2E8EB2442BB2400AFE9F2 /* CommentCell.xib */,
			);
			path = CommentCell;
			sourceTree = "<group>";
		};
		91BD69CB244EDAC400D44FCB /* ForDetailView */ = {
			isa = PBXGroup;
			children = (
				4DFA41D3243F086E00BE9832 /* ContactManager.swift */,
				4DFA41D9243F098E00BE9832 /* ContactResultData.swift */,
				DC029856243179FD007333B0 /* Contact.swift */,
				DC029852243179DB007333B0 /* WorldcovidManager.swift */,
				DC029853243179DD007333B0 /* WorldCovidData.swift */,
				DC0298482431792B007333B0 /* ResultData.swift */,
				DC029857243179FE007333B0 /* Country.swift */,
			);
			path = ForDetailView;
			sourceTree = "<group>";
		};
		91BD69CC244EDB1800D44FCB /* ForNewsView */ = {
			isa = PBXGroup;
			children = (
				4DFA41D7243F096500BE9832 /* Post.swift */,
				91B2B44F2450B51700F7F541 /* PostManager.swift */,
				91B2B4522450BC5300F7F541 /* CommentManager.swift */,
				91B2B4542450BF1B00F7F541 /* SinglePostManager.swift */,
			);
			path = ForNewsView;
			sourceTree = "<group>";
		};
		91BD69CD244EDB4800D44FCB /* ForLoginView */ = {
			isa = PBXGroup;
			children = (
				91B2B45624514F2400F7F541 /* User.swift */,
				91B2B45824514FC900F7F541 /* UserManager.swift */,
				91B2B45A245153BF00F7F541 /* SingleUserManager.swift */,
				91FD96742456C08B003A2D9A /* VisitedLocation.swift */,
				91FD96782456E00B003A2D9A /* VisitedLocationManager.swift */,
			);
			path = ForLoginView;
			sourceTree = "<group>";
		};
		91BD69CF244EDB9000D44FCB /* ForMapView */ = {
			isa = PBXGroup;
			children = (
				DCE6AB8F242A34CB007F4BF8 /* MarkerCluster.swift */,
				4D0263C8245E241400692757 /* Location.swift */,
			);
			path = ForMapView;
			sourceTree = "<group>";
		};
		91BD69D0244EDBA300D44FCB /* ForDetailView */ = {
			isa = PBXGroup;
			children = (
				DC029840243178E8007333B0 /* DetailViewController.swift */,
				DC02984524317921007333B0 /* DetailInfoView.swift */,
			);
			path = ForDetailView;
			sourceTree = "<group>";
		};
		91BD69D1244EDC1300D44FCB /* ForMapView */ = {
			isa = PBXGroup;
			children = (
				DC0F970E2427BE9700E76CF9 /* MapViewController.swift */,
				DCB1833B24586763009A47E8 /* FindViewController.swift */,
				DC22FE9524299F9600AA5A8B /* PlacesViewController.swift */,
			);
			path = ForMapView;
			sourceTree = "<group>";
		};
		91BD69D2244EDC2400D44FCB /* ForLoginView */ = {
			isa = PBXGroup;
			children = (
				DC0F97232428542700E76CF9 /* LoginViewController.swift */,
				DC0E6908242EF625009372FC /* RegisterViewController.swift */,
				91FD96722456B110003A2D9A /* NormalUser */,
				91FD96732456B128003A2D9A /* Admin */,
			);
			path = ForLoginView;
			sourceTree = "<group>";
		};
		91BD69D3244EDC3600D44FCB /* ForNewsView */ = {
			isa = PBXGroup;
			children = (
				DC0298CC24317D1B007333B0 /* NewsViewController.swift */,
				4D1CF1AE244042CA00265377 /* FullPostController.swift */,
			);
			path = ForNewsView;
			sourceTree = "<group>";
		};
		91BD69D6244F55E600D44FCB /* ConstantService */ = {
			isa = PBXGroup;
			children = (
				91BD69D7244F55F900D44FCB /* AlertService.swift */,
				91BD69D9244F74A200D44FCB /* ImageService.swift */,
			);
			path = ConstantService;
			sourceTree = "<group>";
		};
		91FD96722456B110003A2D9A /* NormalUser */ = {
			isa = PBXGroup;
			children = (
				DC0F97252428543400E76CF9 /* ReportViewController.swift */,
				91FD96482455D028003A2D9A /* ChoosePlaceController.swift */,
				91FD9670245608B4003A2D9A /* DetailSearchPlaceController.swift */,
			);
			path = NormalUser;
			sourceTree = "<group>";
		};
		91FD96732456B128003A2D9A /* Admin */ = {
			isa = PBXGroup;
			children = (
				91BD69D4244EEA9000D44FCB /* AdminViewController.swift */,
			);
			path = Admin;
			sourceTree = "<group>";
		};
		A03453012CA94FF604FFABBC /* Pods */ = {
			isa = PBXGroup;
			children = (
				E8E892D5D653A2ECCD0566E9 /* Pods-TT_CovidCity.debug.xcconfig */,
				E2C040D6C5AE01A044C2157D /* Pods-TT_CovidCity.release.xcconfig */,
			);
			path = Pods;
			sourceTree = "<group>";
		};
		DC02986124317C73007333B0 /* CustomCell */ = {
			isa = PBXGroup;
			children = (
				91BD69C6244ED9A800D44FCB /* StartCell */,
				91BD69C5244ED99A00D44FCB /* ContactCell */,
				91BD69C7244EDA6A00D44FCB /* SubCell */,
				91BD69C8244EDA8100D44FCB /* PostCell */,
				91BD69C9244EDA9000D44FCB /* FullPostCell */,
				91BD69CA244EDAA900D44FCB /* CommentCell */,
				91BD69C4244ED96400D44FCB /* PostCellEvent */,
			);
			path = CustomCell;
			sourceTree = "<group>";
		};
		DC02987824317CBD007333B0 /* CustomView */ = {
			isa = PBXGroup;
			children = (
				DC02987924317CBD007333B0 /* WhiteBackgroundView.swift */,
				DC02987A24317CBD007333B0 /* RedButton.swift */,
				DC02987B24317CBD007333B0 /* RedBackgroundView.swift */,
				4DB2E8F0244300C400AFE9F2 /* ViewWithCustomCorner.swift */,
				91BD69C2244DE13200D44FCB /* LoginTextField.swift */,
				91FD964E2455F405003A2D9A /* SearchView.swift */,
				91FD96762456CA7A003A2D9A /* GrayButton.swift */,
				4D2CE676245B67F800AC7F51 /* OrangeButton.swift */,
			);
			path = CustomView;
			sourceTree = "<group>";
		};
		DC0F96FE2427BE9600E76CF9 = {
			isa = PBXGroup;
			children = (
				DC0F97092427BE9700E76CF9 /* TT_CovidCity */,
				DC0F97082427BE9700E76CF9 /* Products */,
				A03453012CA94FF604FFABBC /* Pods */,
				1412B91538DFA14CEEDE28E4 /* Frameworks */,
			);
			sourceTree = "<group>";
		};
		DC0F97082427BE9700E76CF9 /* Products */ = {
			isa = PBXGroup;
			children = (
				DC0F97072427BE9700E76CF9 /* TT_CovidCity.app */,
			);
			name = Products;
			sourceTree = "<group>";
		};
		DC0F97092427BE9700E76CF9 /* TT_CovidCity */ = {
			isa = PBXGroup;
			children = (
				91B2B45C2451872400F7F541 /* Utilities */,
				91BD69D6244F55E600D44FCB /* ConstantService */,
				DC0F972B2428914D00E76CF9 /* Models */,
				DC0F97292428912500E76CF9 /* Controllers */,
				DC0F972A2428913F00E76CF9 /* Views */,
				DC0F97152427BE9900E76CF9 /* Assets.xcassets */,
				DC0E690C242F3053009372FC /* GoogleService-Info.plist */,
				DC0F971A2427BE9900E76CF9 /* Info.plist */,
			);
			path = TT_CovidCity;
			sourceTree = "<group>";
		};
		DC0F97292428912500E76CF9 /* Controllers */ = {
			isa = PBXGroup;
			children = (
				DC0F970A2427BE9700E76CF9 /* AppDelegate.swift */,
				DC0F970C2427BE9700E76CF9 /* SceneDelegate.swift */,
				DC0F972724286D9800E76CF9 /* TabBarController.swift */,
				91BD69D3244EDC3600D44FCB /* ForNewsView */,
				91BD69D2244EDC2400D44FCB /* ForLoginView */,
				91BD69D1244EDC1300D44FCB /* ForMapView */,
				91BD69D0244EDBA300D44FCB /* ForDetailView */,
			);
			path = Controllers;
			sourceTree = "<group>";
		};
		DC0F972A2428913F00E76CF9 /* Views */ = {
			isa = PBXGroup;
			children = (
				DC02987824317CBD007333B0 /* CustomView */,
				DC02986124317C73007333B0 /* CustomCell */,
				DC0F97122427BE9700E76CF9 /* Main.storyboard */,
				DC0F97172427BE9900E76CF9 /* LaunchScreen.storyboard */,
			);
			path = Views;
			sourceTree = "<group>";
		};
		DC0F972B2428914D00E76CF9 /* Models */ = {
			isa = PBXGroup;
			children = (
				91BD69CC244EDB1800D44FCB /* ForNewsView */,
				91BD69CF244EDB9000D44FCB /* ForMapView */,
				91BD69CD244EDB4800D44FCB /* ForLoginView */,
				91BD69CB244EDAC400D44FCB /* ForDetailView */,
			);
			path = Models;
			sourceTree = "<group>";
		};
/* End PBXGroup section */

/* Begin PBXNativeTarget section */
		DC0F97062427BE9700E76CF9 /* TT_CovidCity */ = {
			isa = PBXNativeTarget;
			buildConfigurationList = DC0F971D2427BE9900E76CF9 /* Build configuration list for PBXNativeTarget "TT_CovidCity" */;
			buildPhases = (
				616930D61A56F3ECB5F1C0C4 /* [CP] Check Pods Manifest.lock */,
				DC0F97032427BE9700E76CF9 /* Sources */,
				DC0F97042427BE9700E76CF9 /* Frameworks */,
				DC0F97052427BE9700E76CF9 /* Resources */,
				E27E47A63912B6D30C320456 /* [CP] Embed Pods Frameworks */,
				78407FBC9CAAD1608B7553F5 /* [CP] Copy Pods Resources */,
			);
			buildRules = (
			);
			dependencies = (
			);
			name = TT_CovidCity;
			productName = abc;
			productReference = DC0F97072427BE9700E76CF9 /* TT_CovidCity.app */;
			productType = "com.apple.product-type.application";
		};
/* End PBXNativeTarget section */

/* Begin PBXProject section */
		DC0F96FF2427BE9600E76CF9 /* Project object */ = {
			isa = PBXProject;
			attributes = {
				LastSwiftUpdateCheck = 1130;
				LastUpgradeCheck = 1130;
				ORGANIZATIONNAME = "Trần Nhất Thống";
				TargetAttributes = {
					DC0F97062427BE9700E76CF9 = {
						CreatedOnToolsVersion = 11.3.1;
					};
				};
			};
			buildConfigurationList = DC0F97022427BE9600E76CF9 /* Build configuration list for PBXProject "TT_CovidCity" */;
			compatibilityVersion = "Xcode 9.3";
			developmentRegion = en;
			hasScannedForEncodings = 0;
			knownRegions = (
				en,
				Base,
			);
			mainGroup = DC0F96FE2427BE9600E76CF9;
			productRefGroup = DC0F97082427BE9700E76CF9 /* Products */;
			projectDirPath = "";
			projectRoot = "";
			targets = (
				DC0F97062427BE9700E76CF9 /* TT_CovidCity */,
			);
		};
/* End PBXProject section */

/* Begin PBXResourcesBuildPhase section */
		DC0F97052427BE9700E76CF9 /* Resources */ = {
			isa = PBXResourcesBuildPhase;
			buildActionMask = 2147483647;
			files = (
				4DFA41E0244015DF00BE9832 /* PostCell.xib in Resources */,
				DC0F97192427BE9900E76CF9 /* LaunchScreen.storyboard in Resources */,
				DC0E690D242F3053009372FC /* GoogleService-Info.plist in Resources */,
				DC02987624317C96007333B0 /* ContactCell.xib in Resources */,
				DC0F97162427BE9900E76CF9 /* Assets.xcassets in Resources */,
				4DB2E8ED2442BB2500AFE9F2 /* CommentCell.xib in Resources */,
				DC02986F24317C96007333B0 /* StartCell.xib in Resources */,
				4D1CF1B3244056C400265377 /* FullPostCell.xib in Resources */,
				DC0F97142427BE9700E76CF9 /* Main.storyboard in Resources */,
				DC02987424317C96007333B0 /* SubCell.xib in Resources */,
			);
			runOnlyForDeploymentPostprocessing = 0;
		};
/* End PBXResourcesBuildPhase section */

/* Begin PBXShellScriptBuildPhase section */
		616930D61A56F3ECB5F1C0C4 /* [CP] Check Pods Manifest.lock */ = {
			isa = PBXShellScriptBuildPhase;
			buildActionMask = 2147483647;
			files = (
			);
			inputFileListPaths = (
			);
			inputPaths = (
				"${PODS_PODFILE_DIR_PATH}/Podfile.lock",
				"${PODS_ROOT}/Manifest.lock",
			);
			name = "[CP] Check Pods Manifest.lock";
			outputFileListPaths = (
			);
			outputPaths = (
				"$(DERIVED_FILE_DIR)/Pods-TT_CovidCity-checkManifestLockResult.txt",
			);
			runOnlyForDeploymentPostprocessing = 0;
			shellPath = /bin/sh;
			shellScript = "diff \"${PODS_PODFILE_DIR_PATH}/Podfile.lock\" \"${PODS_ROOT}/Manifest.lock\" > /dev/null\nif [ $? != 0 ] ; then\n    # print error to STDERR\n    echo \"error: The sandbox is not in sync with the Podfile.lock. Run 'pod install' or update your CocoaPods installation.\" >&2\n    exit 1\nfi\n# This output is used by Xcode 'outputs' to avoid re-running this script phase.\necho \"SUCCESS\" > \"${SCRIPT_OUTPUT_FILE_0}\"\n";
			showEnvVarsInLog = 0;
		};
		78407FBC9CAAD1608B7553F5 /* [CP] Copy Pods Resources */ = {
			isa = PBXShellScriptBuildPhase;
			buildActionMask = 2147483647;
			files = (
			);
			inputFileListPaths = (
				"${PODS_ROOT}/Target Support Files/Pods-TT_CovidCity/Pods-TT_CovidCity-resources-${CONFIGURATION}-input-files.xcfilelist",
			);
			name = "[CP] Copy Pods Resources";
			outputFileListPaths = (
				"${PODS_ROOT}/Target Support Files/Pods-TT_CovidCity/Pods-TT_CovidCity-resources-${CONFIGURATION}-output-files.xcfilelist",
			);
			runOnlyForDeploymentPostprocessing = 0;
			shellPath = /bin/sh;
			shellScript = "\"${PODS_ROOT}/Target Support Files/Pods-TT_CovidCity/Pods-TT_CovidCity-resources.sh\"\n";
			showEnvVarsInLog = 0;
		};
		E27E47A63912B6D30C320456 /* [CP] Embed Pods Frameworks */ = {
			isa = PBXShellScriptBuildPhase;
			buildActionMask = 2147483647;
			files = (
			);
			inputFileListPaths = (
				"${PODS_ROOT}/Target Support Files/Pods-TT_CovidCity/Pods-TT_CovidCity-frameworks-${CONFIGURATION}-input-files.xcfilelist",
			);
			name = "[CP] Embed Pods Frameworks";
			outputFileListPaths = (
				"${PODS_ROOT}/Target Support Files/Pods-TT_CovidCity/Pods-TT_CovidCity-frameworks-${CONFIGURATION}-output-files.xcfilelist",
			);
			runOnlyForDeploymentPostprocessing = 0;
			shellPath = /bin/sh;
			shellScript = "\"${PODS_ROOT}/Target Support Files/Pods-TT_CovidCity/Pods-TT_CovidCity-frameworks.sh\"\n";
			showEnvVarsInLog = 0;
		};
/* End PBXShellScriptBuildPhase section */

/* Begin PBXSourcesBuildPhase section */
		DC0F97032427BE9700E76CF9 /* Sources */ = {
			isa = PBXSourcesBuildPhase;
			buildActionMask = 2147483647;
			files = (
				DC02987224317C96007333B0 /* SubCell.swift in Sources */,
				4D2CE677245B67F800AC7F51 /* OrangeButton.swift in Sources */,
				DC02985B24317A02007333B0 /* Contact.swift in Sources */,
				DC0E6909242EF625009372FC /* RegisterViewController.swift in Sources */,
				91B2B4502450B51700F7F541 /* PostManager.swift in Sources */,
				DC02987D24317CBD007333B0 /* RedButton.swift in Sources */,
				DC0F970F2427BE9700E76CF9 /* MapViewController.swift in Sources */,
				DC029841243178E8007333B0 /* DetailViewController.swift in Sources */,
				DC0298492431792B007333B0 /* ResultData.swift in Sources */,
				DC02985C24317A02007333B0 /* Country.swift in Sources */,
				4DFA41D4243F086E00BE9832 /* ContactManager.swift in Sources */,
				DC0F97262428543400E76CF9 /* ReportViewController.swift in Sources */,
				91FD96772456CA7A003A2D9A /* GrayButton.swift in Sources */,
				91FD96492455D028003A2D9A /* ChoosePlaceController.swift in Sources */,
				DC0F97242428542700E76CF9 /* LoginViewController.swift in Sources */,
				91B2B4602451A8D400F7F541 /* UtilitiesFunction.swift in Sources */,
				4D0263C9245E241400692757 /* Location.swift in Sources */,
				DC02987324317C96007333B0 /* ContactCell.swift in Sources */,
				DC02984724317921007333B0 /* DetailInfoView.swift in Sources */,
				4DFA41DA243F098E00BE9832 /* ContactResultData.swift in Sources */,
				DC22FE9624299F9600AA5A8B /* PlacesViewController.swift in Sources */,
				DC029854243179DD007333B0 /* WorldcovidManager.swift in Sources */,
				91B2B45724514F2400F7F541 /* User.swift in Sources */,
				91B2B45B245153BF00F7F541 /* SingleUserManager.swift in Sources */,
				DC02986E24317C96007333B0 /* StartCell.swift in Sources */,
				91BD69D5244EEA9000D44FCB /* AdminViewController.swift in Sources */,
				DC0F972824286D9800E76CF9 /* TabBarController.swift in Sources */,
				91B2B4552450BF1B00F7F541 /* SinglePostManager.swift in Sources */,
				DC02987E24317CBD007333B0 /* RedBackgroundView.swift in Sources */,
				DC02987C24317CBD007333B0 /* WhiteBackgroundView.swift in Sources */,
				DC02987024317C96007333B0 /* PostCell.swift in Sources */,
				91B2B4532450BC5300F7F541 /* CommentManager.swift in Sources */,
				DC029855243179DD007333B0 /* WorldCovidData.swift in Sources */,
				DC0F970B2427BE9700E76CF9 /* AppDelegate.swift in Sources */,
				4D1CF1B2244056C400265377 /* FullPostCell.swift in Sources */,
				91B2B45924514FC900F7F541 /* UserManager.swift in Sources */,
				91FD96752456C08B003A2D9A /* VisitedLocation.swift in Sources */,
				DC0298CD24317D1B007333B0 /* NewsViewController.swift in Sources */,
				4D1CF1AF244042CA00265377 /* FullPostController.swift in Sources */,
				91B4C95F2448C1050012155C /* ButtonPressed.swift in Sources */,
				DCB1833C24586763009A47E8 /* FindViewController.swift in Sources */,
				91FD964F2455F405003A2D9A /* SearchView.swift in Sources */,
				91B2B45E2451877600F7F541 /* ConstString.swift in Sources */,
				DC0F970D2427BE9700E76CF9 /* SceneDelegate.swift in Sources */,
				91FD9671245608B4003A2D9A /* DetailSearchPlaceController.swift in Sources */,
				4DB2E8F1244300C400AFE9F2 /* ViewWithCustomCorner.swift in Sources */,
				91BD69DA244F74A200D44FCB /* ImageService.swift in Sources */,
				DCE6AB90242A34CB007F4BF8 /* MarkerCluster.swift in Sources */,
				91FD96792456E00B003A2D9A /* VisitedLocationManager.swift in Sources */,
				4DFA41D8243F096500BE9832 /* Post.swift in Sources */,
				4DB2E8EC2442BB2400AFE9F2 /* CommentCell.swift in Sources */,
				91BD69D8244F55F900D44FCB /* AlertService.swift in Sources */,
				91BD69C3244DE13200D44FCB /* LoginTextField.swift in Sources */,
			);
			runOnlyForDeploymentPostprocessing = 0;
		};
/* End PBXSourcesBuildPhase section */

/* Begin PBXVariantGroup section */
		DC0F97122427BE9700E76CF9 /* Main.storyboard */ = {
			isa = PBXVariantGroup;
			children = (
				DC0F97132427BE9700E76CF9 /* Base */,
			);
			name = Main.storyboard;
			sourceTree = "<group>";
		};
		DC0F97172427BE9900E76CF9 /* LaunchScreen.storyboard */ = {
			isa = PBXVariantGroup;
			children = (
				DC0F97182427BE9900E76CF9 /* Base */,
			);
			name = LaunchScreen.storyboard;
			sourceTree = "<group>";
		};
/* End PBXVariantGroup section */

/* Begin XCBuildConfiguration section */
		DC0F971B2427BE9900E76CF9 /* Debug */ = {
			isa = XCBuildConfiguration;
			buildSettings = {
				ALWAYS_SEARCH_USER_PATHS = NO;
				CLANG_ANALYZER_NONNULL = YES;
				CLANG_ANALYZER_NUMBER_OBJECT_CONVERSION = YES_AGGRESSIVE;
				CLANG_CXX_LANGUAGE_STANDARD = "gnu++14";
				CLANG_CXX_LIBRARY = "libc++";
				CLANG_ENABLE_MODULES = YES;
				CLANG_ENABLE_OBJC_ARC = YES;
				CLANG_ENABLE_OBJC_WEAK = YES;
				CLANG_WARN_BLOCK_CAPTURE_AUTORELEASING = YES;
				CLANG_WARN_BOOL_CONVERSION = YES;
				CLANG_WARN_COMMA = YES;
				CLANG_WARN_CONSTANT_CONVERSION = YES;
				CLANG_WARN_DEPRECATED_OBJC_IMPLEMENTATIONS = YES;
				CLANG_WARN_DIRECT_OBJC_ISA_USAGE = YES_ERROR;
				CLANG_WARN_DOCUMENTATION_COMMENTS = YES;
				CLANG_WARN_EMPTY_BODY = YES;
				CLANG_WARN_ENUM_CONVERSION = YES;
				CLANG_WARN_INFINITE_RECURSION = YES;
				CLANG_WARN_INT_CONVERSION = YES;
				CLANG_WARN_NON_LITERAL_NULL_CONVERSION = YES;
				CLANG_WARN_OBJC_IMPLICIT_RETAIN_SELF = YES;
				CLANG_WARN_OBJC_LITERAL_CONVERSION = YES;
				CLANG_WARN_OBJC_ROOT_CLASS = YES_ERROR;
				CLANG_WARN_RANGE_LOOP_ANALYSIS = YES;
				CLANG_WARN_STRICT_PROTOTYPES = YES;
				CLANG_WARN_SUSPICIOUS_MOVE = YES;
				CLANG_WARN_UNGUARDED_AVAILABILITY = YES_AGGRESSIVE;
				CLANG_WARN_UNREACHABLE_CODE = YES;
				CLANG_WARN__DUPLICATE_METHOD_MATCH = YES;
				COPY_PHASE_STRIP = NO;
				DEBUG_INFORMATION_FORMAT = dwarf;
				ENABLE_STRICT_OBJC_MSGSEND = YES;
				ENABLE_TESTABILITY = YES;
				GCC_C_LANGUAGE_STANDARD = gnu11;
				GCC_DYNAMIC_NO_PIC = NO;
				GCC_NO_COMMON_BLOCKS = YES;
				GCC_OPTIMIZATION_LEVEL = 0;
				GCC_PREPROCESSOR_DEFINITIONS = (
					"DEBUG=1",
					"$(inherited)",
				);
				GCC_WARN_64_TO_32_BIT_CONVERSION = YES;
				GCC_WARN_ABOUT_RETURN_TYPE = YES_ERROR;
				GCC_WARN_UNDECLARED_SELECTOR = YES;
				GCC_WARN_UNINITIALIZED_AUTOS = YES_AGGRESSIVE;
				GCC_WARN_UNUSED_FUNCTION = YES;
				GCC_WARN_UNUSED_VARIABLE = YES;
				IPHONEOS_DEPLOYMENT_TARGET = 13.2;
				MTL_ENABLE_DEBUG_INFO = INCLUDE_SOURCE;
				MTL_FAST_MATH = YES;
				ONLY_ACTIVE_ARCH = YES;
				SDKROOT = iphoneos;
				SWIFT_ACTIVE_COMPILATION_CONDITIONS = DEBUG;
				SWIFT_OPTIMIZATION_LEVEL = "-Onone";
			};
			name = Debug;
		};
		DC0F971C2427BE9900E76CF9 /* Release */ = {
			isa = XCBuildConfiguration;
			buildSettings = {
				ALWAYS_SEARCH_USER_PATHS = NO;
				CLANG_ANALYZER_NONNULL = YES;
				CLANG_ANALYZER_NUMBER_OBJECT_CONVERSION = YES_AGGRESSIVE;
				CLANG_CXX_LANGUAGE_STANDARD = "gnu++14";
				CLANG_CXX_LIBRARY = "libc++";
				CLANG_ENABLE_MODULES = YES;
				CLANG_ENABLE_OBJC_ARC = YES;
				CLANG_ENABLE_OBJC_WEAK = YES;
				CLANG_WARN_BLOCK_CAPTURE_AUTORELEASING = YES;
				CLANG_WARN_BOOL_CONVERSION = YES;
				CLANG_WARN_COMMA = YES;
				CLANG_WARN_CONSTANT_CONVERSION = YES;
				CLANG_WARN_DEPRECATED_OBJC_IMPLEMENTATIONS = YES;
				CLANG_WARN_DIRECT_OBJC_ISA_USAGE = YES_ERROR;
				CLANG_WARN_DOCUMENTATION_COMMENTS = YES;
				CLANG_WARN_EMPTY_BODY = YES;
				CLANG_WARN_ENUM_CONVERSION = YES;
				CLANG_WARN_INFINITE_RECURSION = YES;
				CLANG_WARN_INT_CONVERSION = YES;
				CLANG_WARN_NON_LITERAL_NULL_CONVERSION = YES;
				CLANG_WARN_OBJC_IMPLICIT_RETAIN_SELF = YES;
				CLANG_WARN_OBJC_LITERAL_CONVERSION = YES;
				CLANG_WARN_OBJC_ROOT_CLASS = YES_ERROR;
				CLANG_WARN_RANGE_LOOP_ANALYSIS = YES;
				CLANG_WARN_STRICT_PROTOTYPES = YES;
				CLANG_WARN_SUSPICIOUS_MOVE = YES;
				CLANG_WARN_UNGUARDED_AVAILABILITY = YES_AGGRESSIVE;
				CLANG_WARN_UNREACHABLE_CODE = YES;
				CLANG_WARN__DUPLICATE_METHOD_MATCH = YES;
				COPY_PHASE_STRIP = NO;
				DEBUG_INFORMATION_FORMAT = "dwarf-with-dsym";
				ENABLE_NS_ASSERTIONS = NO;
				ENABLE_STRICT_OBJC_MSGSEND = YES;
				GCC_C_LANGUAGE_STANDARD = gnu11;
				GCC_NO_COMMON_BLOCKS = YES;
				GCC_WARN_64_TO_32_BIT_CONVERSION = YES;
				GCC_WARN_ABOUT_RETURN_TYPE = YES_ERROR;
				GCC_WARN_UNDECLARED_SELECTOR = YES;
				GCC_WARN_UNINITIALIZED_AUTOS = YES_AGGRESSIVE;
				GCC_WARN_UNUSED_FUNCTION = YES;
				GCC_WARN_UNUSED_VARIABLE = YES;
				IPHONEOS_DEPLOYMENT_TARGET = 13.2;
				MTL_ENABLE_DEBUG_INFO = NO;
				MTL_FAST_MATH = YES;
				SDKROOT = iphoneos;
				SWIFT_COMPILATION_MODE = wholemodule;
				SWIFT_OPTIMIZATION_LEVEL = "-O";
				VALIDATE_PRODUCT = YES;
			};
			name = Release;
		};
		DC0F971E2427BE9900E76CF9 /* Debug */ = {
			isa = XCBuildConfiguration;
			baseConfigurationReference = E8E892D5D653A2ECCD0566E9 /* Pods-TT_CovidCity.debug.xcconfig */;
			buildSettings = {
				ASSETCATALOG_COMPILER_APPICON_NAME = AppIcon;
				CODE_SIGN_STYLE = Automatic;
				DEVELOPMENT_TEAM = 62R3ZN8B42;
				INFOPLIST_FILE = TT_CovidCity/Info.plist;
				IPHONEOS_DEPLOYMENT_TARGET = 13.0;
				LD_RUNPATH_SEARCH_PATHS = (
					"$(inherited)",
					"@executable_path/Frameworks",
				);
				PRODUCT_BUNDLE_IDENTIFIER = tan.nd.Covidcity1;
				PRODUCT_NAME = TT_CovidCity;
				SWIFT_VERSION = 5.0;
				TARGETED_DEVICE_FAMILY = 1;
			};
			name = Debug;
		};
		DC0F971F2427BE9900E76CF9 /* Release */ = {
			isa = XCBuildConfiguration;
			baseConfigurationReference = E2C040D6C5AE01A044C2157D /* Pods-TT_CovidCity.release.xcconfig */;
			buildSettings = {
				ASSETCATALOG_COMPILER_APPICON_NAME = AppIcon;
				CODE_SIGN_STYLE = Automatic;
				DEVELOPMENT_TEAM = 62R3ZN8B42;
				INFOPLIST_FILE = TT_CovidCity/Info.plist;
				IPHONEOS_DEPLOYMENT_TARGET = 13.0;
				LD_RUNPATH_SEARCH_PATHS = (
					"$(inherited)",
					"@executable_path/Frameworks",
				);
				PRODUCT_BUNDLE_IDENTIFIER = tan.nd.Covidcity1;
				PRODUCT_NAME = TT_CovidCity;
				SWIFT_VERSION = 5.0;
				TARGETED_DEVICE_FAMILY = 1;
			};
			name = Release;
		};
/* End XCBuildConfiguration section */

/* Begin XCConfigurationList section */
		DC0F97022427BE9600E76CF9 /* Build configuration list for PBXProject "TT_CovidCity" */ = {
			isa = XCConfigurationList;
			buildConfigurations = (
				DC0F971B2427BE9900E76CF9 /* Debug */,
				DC0F971C2427BE9900E76CF9 /* Release */,
			);
			defaultConfigurationIsVisible = 0;
			defaultConfigurationName = Release;
		};
		DC0F971D2427BE9900E76CF9 /* Build configuration list for PBXNativeTarget "TT_CovidCity" */ = {
			isa = XCConfigurationList;
			buildConfigurations = (
				DC0F971E2427BE9900E76CF9 /* Debug */,
				DC0F971F2427BE9900E76CF9 /* Release */,
			);
			defaultConfigurationIsVisible = 0;
			defaultConfigurationName = Release;
		};
/* End XCConfigurationList section */
	};
	rootObject = DC0F96FF2427BE9600E76CF9 /* Project object */;
}
