// !$*UTF8*$!
{
	archiveVersion = 1;
	classes = {
	};
	objectVersion = 50;
	objects = {

/* Begin PBXBuildFile section */
		4D0763FC242A0C2B000AD490 /* WorldCovidData.swift in Sources */ = {isa = PBXBuildFile; fileRef = 4D0763FB242A0C2B000AD490 /* WorldCovidData.swift */; };
		4D0763FE242A0C6C000AD490 /* WorldcovidManager.swift in Sources */ = {isa = PBXBuildFile; fileRef = 4D0763FD242A0C6C000AD490 /* WorldcovidManager.swift */; };
		4D076400242A0D73000AD490 /* Country.swift in Sources */ = {isa = PBXBuildFile; fileRef = 4D0763FF242A0D73000AD490 /* Country.swift */; };
		4D076472242B665D000AD490 /* ResultData.swift in Sources */ = {isa = PBXBuildFile; fileRef = 4D076471242B665D000AD490 /* ResultData.swift */; };
		4D0D02AE242F5D91006477B4 /* DetailInfoView.swift in Sources */ = {isa = PBXBuildFile; fileRef = 4D0D02AD242F5D91006477B4 /* DetailInfoView.swift */; };
		4D0D02B2242F5F13006477B4 /* StartCell.swift in Sources */ = {isa = PBXBuildFile; fileRef = 4D0D02B0242F5F13006477B4 /* StartCell.swift */; };
		4D0D02B3242F5F13006477B4 /* StartCell.xib in Resources */ = {isa = PBXBuildFile; fileRef = 4D0D02B1242F5F13006477B4 /* StartCell.xib */; };
		4D0D02B6242F61A4006477B4 /* ContactCell.swift in Sources */ = {isa = PBXBuildFile; fileRef = 4D0D02B4242F61A4006477B4 /* ContactCell.swift */; };
		4D0D02B7242F61A4006477B4 /* ContactCell.xib in Resources */ = {isa = PBXBuildFile; fileRef = 4D0D02B5242F61A4006477B4 /* ContactCell.xib */; };
		4D0D02BA242F6493006477B4 /* SubCell.swift in Sources */ = {isa = PBXBuildFile; fileRef = 4D0D02B8242F6493006477B4 /* SubCell.swift */; };
		4D0D02BB242F6493006477B4 /* SubCell.xib in Resources */ = {isa = PBXBuildFile; fileRef = 4D0D02B9242F6493006477B4 /* SubCell.xib */; };
		4D0D02BD242F67AD006477B4 /* Contact.swift in Sources */ = {isa = PBXBuildFile; fileRef = 4D0D02BC242F67AD006477B4 /* Contact.swift */; };
		4D0D02BF242F67D6006477B4 /* hardcodeContactData.swift in Sources */ = {isa = PBXBuildFile; fileRef = 4D0D02BE242F67D6006477B4 /* hardcodeContactData.swift */; };
		4D0D02C1242F67F3006477B4 /* hardcodeVietNamData.swift in Sources */ = {isa = PBXBuildFile; fileRef = 4D0D02C0242F67F3006477B4 /* hardcodeVietNamData.swift */; };
		DC0F970B2427BE9700E76CF9 /* AppDelegate.swift in Sources */ = {isa = PBXBuildFile; fileRef = DC0F970A2427BE9700E76CF9 /* AppDelegate.swift */; };
		DC0F970D2427BE9700E76CF9 /* SceneDelegate.swift in Sources */ = {isa = PBXBuildFile; fileRef = DC0F970C2427BE9700E76CF9 /* SceneDelegate.swift */; };
		DC0F970F2427BE9700E76CF9 /* MapViewController.swift in Sources */ = {isa = PBXBuildFile; fileRef = DC0F970E2427BE9700E76CF9 /* MapViewController.swift */; };
		DC0F97112427BE9700E76CF9 /* DetailViewController.swift in Sources */ = {isa = PBXBuildFile; fileRef = DC0F97102427BE9700E76CF9 /* DetailViewController.swift */; };
		DC0F97142427BE9700E76CF9 /* Main.storyboard in Resources */ = {isa = PBXBuildFile; fileRef = DC0F97122427BE9700E76CF9 /* Main.storyboard */; };
		DC0F97162427BE9900E76CF9 /* Assets.xcassets in Resources */ = {isa = PBXBuildFile; fileRef = DC0F97152427BE9900E76CF9 /* Assets.xcassets */; };
		DC0F97192427BE9900E76CF9 /* LaunchScreen.storyboard in Resources */ = {isa = PBXBuildFile; fileRef = DC0F97172427BE9900E76CF9 /* LaunchScreen.storyboard */; };
		DC0F97242428542700E76CF9 /* LoginViewController.swift in Sources */ = {isa = PBXBuildFile; fileRef = DC0F97232428542700E76CF9 /* LoginViewController.swift */; };
		DC0F97262428543400E76CF9 /* ReportViewController.swift in Sources */ = {isa = PBXBuildFile; fileRef = DC0F97252428543400E76CF9 /* ReportViewController.swift */; };
		DC0F972824286D9800E76CF9 /* TabBarController.swift in Sources */ = {isa = PBXBuildFile; fileRef = DC0F972724286D9800E76CF9 /* TabBarController.swift */; };
/* End PBXBuildFile section */

/* Begin PBXFileReference section */
		4D0763FB242A0C2B000AD490 /* WorldCovidData.swift */ = {isa = PBXFileReference; lastKnownFileType = sourcecode.swift; path = WorldCovidData.swift; sourceTree = "<group>"; };
		4D0763FD242A0C6C000AD490 /* WorldcovidManager.swift */ = {isa = PBXFileReference; lastKnownFileType = sourcecode.swift; path = WorldcovidManager.swift; sourceTree = "<group>"; };
		4D0763FF242A0D73000AD490 /* Country.swift */ = {isa = PBXFileReference; lastKnownFileType = sourcecode.swift; name = Country.swift; path = TT_CovidCity/Country.swift; sourceTree = SOURCE_ROOT; };
		4D076471242B665D000AD490 /* ResultData.swift */ = {isa = PBXFileReference; lastKnownFileType = sourcecode.swift; path = ResultData.swift; sourceTree = "<group>"; };
		4D0D02AD242F5D91006477B4 /* DetailInfoView.swift */ = {isa = PBXFileReference; lastKnownFileType = sourcecode.swift; path = DetailInfoView.swift; sourceTree = "<group>"; };
		4D0D02B0242F5F13006477B4 /* StartCell.swift */ = {isa = PBXFileReference; lastKnownFileType = sourcecode.swift; path = StartCell.swift; sourceTree = "<group>"; };
		4D0D02B1242F5F13006477B4 /* StartCell.xib */ = {isa = PBXFileReference; lastKnownFileType = file.xib; path = StartCell.xib; sourceTree = "<group>"; };
		4D0D02B4242F61A4006477B4 /* ContactCell.swift */ = {isa = PBXFileReference; lastKnownFileType = sourcecode.swift; path = ContactCell.swift; sourceTree = "<group>"; };
		4D0D02B5242F61A4006477B4 /* ContactCell.xib */ = {isa = PBXFileReference; lastKnownFileType = file.xib; path = ContactCell.xib; sourceTree = "<group>"; };
		4D0D02B8242F6493006477B4 /* SubCell.swift */ = {isa = PBXFileReference; lastKnownFileType = sourcecode.swift; path = SubCell.swift; sourceTree = "<group>"; };
		4D0D02B9242F6493006477B4 /* SubCell.xib */ = {isa = PBXFileReference; lastKnownFileType = file.xib; path = SubCell.xib; sourceTree = "<group>"; };
		4D0D02BC242F67AD006477B4 /* Contact.swift */ = {isa = PBXFileReference; lastKnownFileType = sourcecode.swift; name = Contact.swift; path = TT_CovidCity/CustomCell/Contact.swift; sourceTree = SOURCE_ROOT; };
		4D0D02BE242F67D6006477B4 /* hardcodeContactData.swift */ = {isa = PBXFileReference; lastKnownFileType = sourcecode.swift; name = hardcodeContactData.swift; path = TT_CovidCity/CustomCell/hardcodeContactData.swift; sourceTree = SOURCE_ROOT; };
		4D0D02C0242F67F3006477B4 /* hardcodeVietNamData.swift */ = {isa = PBXFileReference; lastKnownFileType = sourcecode.swift; name = hardcodeVietNamData.swift; path = TT_CovidCity/CustomCell/hardcodeVietNamData.swift; sourceTree = SOURCE_ROOT; };
		DC0F97072427BE9700E76CF9 /* TT_CovidCity.app */ = {isa = PBXFileReference; explicitFileType = wrapper.application; includeInIndex = 0; path = TT_CovidCity.app; sourceTree = BUILT_PRODUCTS_DIR; };
		DC0F970A2427BE9700E76CF9 /* AppDelegate.swift */ = {isa = PBXFileReference; lastKnownFileType = sourcecode.swift; path = AppDelegate.swift; sourceTree = "<group>"; };
		DC0F970C2427BE9700E76CF9 /* SceneDelegate.swift */ = {isa = PBXFileReference; lastKnownFileType = sourcecode.swift; path = SceneDelegate.swift; sourceTree = "<group>"; };
		DC0F970E2427BE9700E76CF9 /* MapViewController.swift */ = {isa = PBXFileReference; lastKnownFileType = sourcecode.swift; path = MapViewController.swift; sourceTree = "<group>"; };
		DC0F97102427BE9700E76CF9 /* DetailViewController.swift */ = {isa = PBXFileReference; lastKnownFileType = sourcecode.swift; path = DetailViewController.swift; sourceTree = "<group>"; };
		DC0F97132427BE9700E76CF9 /* Base */ = {isa = PBXFileReference; lastKnownFileType = file.storyboard; name = Base; path = Base.lproj/Main.storyboard; sourceTree = "<group>"; };
		DC0F97152427BE9900E76CF9 /* Assets.xcassets */ = {isa = PBXFileReference; lastKnownFileType = folder.assetcatalog; path = Assets.xcassets; sourceTree = "<group>"; };
		DC0F97182427BE9900E76CF9 /* Base */ = {isa = PBXFileReference; lastKnownFileType = file.storyboard; name = Base; path = Base.lproj/LaunchScreen.storyboard; sourceTree = "<group>"; };
		DC0F971A2427BE9900E76CF9 /* Info.plist */ = {isa = PBXFileReference; lastKnownFileType = text.plist.xml; path = Info.plist; sourceTree = "<group>"; };
		DC0F97232428542700E76CF9 /* LoginViewController.swift */ = {isa = PBXFileReference; lastKnownFileType = sourcecode.swift; path = LoginViewController.swift; sourceTree = "<group>"; };
		DC0F97252428543400E76CF9 /* ReportViewController.swift */ = {isa = PBXFileReference; lastKnownFileType = sourcecode.swift; path = ReportViewController.swift; sourceTree = "<group>"; };
		DC0F972724286D9800E76CF9 /* TabBarController.swift */ = {isa = PBXFileReference; lastKnownFileType = sourcecode.swift; path = TabBarController.swift; sourceTree = "<group>"; };
/* End PBXFileReference section */

/* Begin PBXFrameworksBuildPhase section */
		DC0F97042427BE9700E76CF9 /* Frameworks */ = {
			isa = PBXFrameworksBuildPhase;
			buildActionMask = 2147483647;
			files = (
			);
			runOnlyForDeploymentPostprocessing = 0;
		};
/* End PBXFrameworksBuildPhase section */

/* Begin PBXGroup section */
		4D0763FA242A0BCE000AD490 /* WorldWideCoVidData */ = {
			isa = PBXGroup;
			children = (
				4D0763FB242A0C2B000AD490 /* WorldCovidData.swift */,
				4D0763FD242A0C6C000AD490 /* WorldcovidManager.swift */,
			);
			name = WorldWideCoVidData;
			sourceTree = "<group>";
		};
		4D0D02AF242F5EF7006477B4 /* CustomCell */ = {
			isa = PBXGroup;
			children = (
				4D0D02B0242F5F13006477B4 /* StartCell.swift */,
				4D0D02B1242F5F13006477B4 /* StartCell.xib */,
				4D0D02B4242F61A4006477B4 /* ContactCell.swift */,
				4D0D02B5242F61A4006477B4 /* ContactCell.xib */,
				4D0D02B8242F6493006477B4 /* SubCell.swift */,
				4D0D02B9242F6493006477B4 /* SubCell.xib */,
			);
			path = CustomCell;
			sourceTree = "<group>";
		};
		DC0F96FE2427BE9600E76CF9 = {
			isa = PBXGroup;
			children = (
				DC0F97092427BE9700E76CF9 /* TT_CovidCity */,
				DC0F97082427BE9700E76CF9 /* Products */,
			);
			sourceTree = "<group>";
		};
		DC0F97082427BE9700E76CF9 /* Products */ = {
			isa = PBXGroup;
			children = (
				DC0F97072427BE9700E76CF9 /* TT_CovidCity.app */,
			);
			name = Products;
			sourceTree = "<group>";
		};
		DC0F97092427BE9700E76CF9 /* TT_CovidCity */ = {
			isa = PBXGroup;
			children = (
				4D0D02AF242F5EF7006477B4 /* CustomCell */,
				4D0763FA242A0BCE000AD490 /* WorldWideCoVidData */,
				DC0F970A2427BE9700E76CF9 /* AppDelegate.swift */,
				DC0F972B2428914D00E76CF9 /* Models */,
				DC0F970C2427BE9700E76CF9 /* SceneDelegate.swift */,
				DC0F972A2428913F00E76CF9 /* Views */,
				DC0F97292428912500E76CF9 /* Controllers */,
				DC0F97152427BE9900E76CF9 /* Assets.xcassets */,
				DC0F971A2427BE9900E76CF9 /* Info.plist */,
			);
			path = TT_CovidCity;
			sourceTree = "<group>";
		};
		DC0F97292428912500E76CF9 /* Controllers */ = {
			isa = PBXGroup;
			children = (
				4D076471242B665D000AD490 /* ResultData.swift */,
				DC0F972724286D9800E76CF9 /* TabBarController.swift */,
				DC0F970E2427BE9700E76CF9 /* MapViewController.swift */,
				DC0F97102427BE9700E76CF9 /* DetailViewController.swift */,
				DC0F97232428542700E76CF9 /* LoginViewController.swift */,
				DC0F97252428543400E76CF9 /* ReportViewController.swift */,
				4D0D02AD242F5D91006477B4 /* DetailInfoView.swift */,
			);
			path = Controllers;
			sourceTree = "<group>";
		};
		DC0F972A2428913F00E76CF9 /* Views */ = {
			isa = PBXGroup;
			children = (
				DC0F97122427BE9700E76CF9 /* Main.storyboard */,
				DC0F97172427BE9900E76CF9 /* LaunchScreen.storyboard */,
			);
			path = Views;
			sourceTree = "<group>";
		};
		DC0F972B2428914D00E76CF9 /* Models */ = {
			isa = PBXGroup;
			children = (
				4D0D02BC242F67AD006477B4 /* Contact.swift */,
				4D0763FF242A0D73000AD490 /* Country.swift */,
				4D0D02BE242F67D6006477B4 /* hardcodeContactData.swift */,
				4D0D02C0242F67F3006477B4 /* hardcodeVietNamData.swift */,
			);
			path = Models;
			sourceTree = "<group>";
		};
/* End PBXGroup section */

/* Begin PBXNativeTarget section */
		DC0F97062427BE9700E76CF9 /* TT_CovidCity */ = {
			isa = PBXNativeTarget;
			buildConfigurationList = DC0F971D2427BE9900E76CF9 /* Build configuration list for PBXNativeTarget "TT_CovidCity" */;
			buildPhases = (
				DC0F97032427BE9700E76CF9 /* Sources */,
				DC0F97042427BE9700E76CF9 /* Frameworks */,
				DC0F97052427BE9700E76CF9 /* Resources */,
			);
			buildRules = (
			);
			dependencies = (
			);
			name = TT_CovidCity;
			productName = abc;
			productReference = DC0F97072427BE9700E76CF9 /* TT_CovidCity.app */;
			productType = "com.apple.product-type.application";
		};
/* End PBXNativeTarget section */

/* Begin PBXProject section */
		DC0F96FF2427BE9600E76CF9 /* Project object */ = {
			isa = PBXProject;
			attributes = {
				LastSwiftUpdateCheck = 1130;
				LastUpgradeCheck = 1130;
				ORGANIZATIONNAME = "Trần Nhất Thống";
				TargetAttributes = {
					DC0F97062427BE9700E76CF9 = {
						CreatedOnToolsVersion = 11.3.1;
					};
				};
			};
			buildConfigurationList = DC0F97022427BE9600E76CF9 /* Build configuration list for PBXProject "TT_CovidCity" */;
			compatibilityVersion = "Xcode 9.3";
			developmentRegion = en;
			hasScannedForEncodings = 0;
			knownRegions = (
				en,
				Base,
			);
			mainGroup = DC0F96FE2427BE9600E76CF9;
			productRefGroup = DC0F97082427BE9700E76CF9 /* Products */;
			projectDirPath = "";
			projectRoot = "";
			targets = (
				DC0F97062427BE9700E76CF9 /* TT_CovidCity */,
			);
		};
/* End PBXProject section */

/* Begin PBXResourcesBuildPhase section */
		DC0F97052427BE9700E76CF9 /* Resources */ = {
			isa = PBXResourcesBuildPhase;
			buildActionMask = 2147483647;
			files = (
				4D0D02B3242F5F13006477B4 /* StartCell.xib in Resources */,
				DC0F97192427BE9900E76CF9 /* LaunchScreen.storyboard in Resources */,
				4D0D02BB242F6493006477B4 /* SubCell.xib in Resources */,
				DC0F97162427BE9900E76CF9 /* Assets.xcassets in Resources */,
				4D0D02B7242F61A4006477B4 /* ContactCell.xib in Resources */,
				DC0F97142427BE9700E76CF9 /* Main.storyboard in Resources */,
			);
			runOnlyForDeploymentPostprocessing = 0;
		};
/* End PBXResourcesBuildPhase section */

/* Begin PBXSourcesBuildPhase section */
		DC0F97032427BE9700E76CF9 /* Sources */ = {
			isa = PBXSourcesBuildPhase;
			buildActionMask = 2147483647;
			files = (
				DC0F97112427BE9700E76CF9 /* DetailViewController.swift in Sources */,
				4D0D02BA242F6493006477B4 /* SubCell.swift in Sources */,
				4D0763FE242A0C6C000AD490 /* WorldcovidManager.swift in Sources */,
				DC0F970F2427BE9700E76CF9 /* MapViewController.swift in Sources */,
				4D0D02C1242F67F3006477B4 /* hardcodeVietNamData.swift in Sources */,
				4D0D02BF242F67D6006477B4 /* hardcodeContactData.swift in Sources */,
				4D0D02BD242F67AD006477B4 /* Contact.swift in Sources */,
				4D076472242B665D000AD490 /* ResultData.swift in Sources */,
				4D076400242A0D73000AD490 /* Country.swift in Sources */,
				4D0D02AE242F5D91006477B4 /* DetailInfoView.swift in Sources */,
				DC0F97262428543400E76CF9 /* ReportViewController.swift in Sources */,
				DC0F97242428542700E76CF9 /* LoginViewController.swift in Sources */,
				DC0F972824286D9800E76CF9 /* TabBarController.swift in Sources */,
				DC0F970B2427BE9700E76CF9 /* AppDelegate.swift in Sources */,
				4D0D02B2242F5F13006477B4 /* StartCell.swift in Sources */,
				4D0763FC242A0C2B000AD490 /* WorldCovidData.swift in Sources */,
				4D0D02B6242F61A4006477B4 /* ContactCell.swift in Sources */,
				DC0F970D2427BE9700E76CF9 /* SceneDelegate.swift in Sources */,
			);
			runOnlyForDeploymentPostprocessing = 0;
		};
/* End PBXSourcesBuildPhase section */

/* Begin PBXVariantGroup section */
		DC0F97122427BE9700E76CF9 /* Main.storyboard */ = {
			isa = PBXVariantGroup;
			children = (
				DC0F97132427BE9700E76CF9 /* Base */,
			);
			name = Main.storyboard;
			sourceTree = "<group>";
		};
		DC0F97172427BE9900E76CF9 /* LaunchScreen.storyboard */ = {
			isa = PBXVariantGroup;
			children = (
				DC0F97182427BE9900E76CF9 /* Base */,
			);
			name = LaunchScreen.storyboard;
			sourceTree = "<group>";
		};
/* End PBXVariantGroup section */

/* Begin XCBuildConfiguration section */
		DC0F971B2427BE9900E76CF9 /* Debug */ = {
			isa = XCBuildConfiguration;
			buildSettings = {
				ALWAYS_SEARCH_USER_PATHS = NO;
				CLANG_ANALYZER_NONNULL = YES;
				CLANG_ANALYZER_NUMBER_OBJECT_CONVERSION = YES_AGGRESSIVE;
				CLANG_CXX_LANGUAGE_STANDARD = "gnu++14";
				CLANG_CXX_LIBRARY = "libc++";
				CLANG_ENABLE_MODULES = YES;
				CLANG_ENABLE_OBJC_ARC = YES;
				CLANG_ENABLE_OBJC_WEAK = YES;
				CLANG_WARN_BLOCK_CAPTURE_AUTORELEASING = YES;
				CLANG_WARN_BOOL_CONVERSION = YES;
				CLANG_WARN_COMMA = YES;
				CLANG_WARN_CONSTANT_CONVERSION = YES;
				CLANG_WARN_DEPRECATED_OBJC_IMPLEMENTATIONS = YES;
				CLANG_WARN_DIRECT_OBJC_ISA_USAGE = YES_ERROR;
				CLANG_WARN_DOCUMENTATION_COMMENTS = YES;
				CLANG_WARN_EMPTY_BODY = YES;
				CLANG_WARN_ENUM_CONVERSION = YES;
				CLANG_WARN_INFINITE_RECURSION = YES;
				CLANG_WARN_INT_CONVERSION = YES;
				CLANG_WARN_NON_LITERAL_NULL_CONVERSION = YES;
				CLANG_WARN_OBJC_IMPLICIT_RETAIN_SELF = YES;
				CLANG_WARN_OBJC_LITERAL_CONVERSION = YES;
				CLANG_WARN_OBJC_ROOT_CLASS = YES_ERROR;
				CLANG_WARN_RANGE_LOOP_ANALYSIS = YES;
				CLANG_WARN_STRICT_PROTOTYPES = YES;
				CLANG_WARN_SUSPICIOUS_MOVE = YES;
				CLANG_WARN_UNGUARDED_AVAILABILITY = YES_AGGRESSIVE;
				CLANG_WARN_UNREACHABLE_CODE = YES;
				CLANG_WARN__DUPLICATE_METHOD_MATCH = YES;
				COPY_PHASE_STRIP = NO;
				DEBUG_INFORMATION_FORMAT = dwarf;
				ENABLE_STRICT_OBJC_MSGSEND = YES;
				ENABLE_TESTABILITY = YES;
				GCC_C_LANGUAGE_STANDARD = gnu11;
				GCC_DYNAMIC_NO_PIC = NO;
				GCC_NO_COMMON_BLOCKS = YES;
				GCC_OPTIMIZATION_LEVEL = 0;
				GCC_PREPROCESSOR_DEFINITIONS = (
					"DEBUG=1",
					"$(inherited)",
				);
				GCC_WARN_64_TO_32_BIT_CONVERSION = YES;
				GCC_WARN_ABOUT_RETURN_TYPE = YES_ERROR;
				GCC_WARN_UNDECLARED_SELECTOR = YES;
				GCC_WARN_UNINITIALIZED_AUTOS = YES_AGGRESSIVE;
				GCC_WARN_UNUSED_FUNCTION = YES;
				GCC_WARN_UNUSED_VARIABLE = YES;
				IPHONEOS_DEPLOYMENT_TARGET = 13.2;
				MTL_ENABLE_DEBUG_INFO = INCLUDE_SOURCE;
				MTL_FAST_MATH = YES;
				ONLY_ACTIVE_ARCH = YES;
				SDKROOT = iphoneos;
				SWIFT_ACTIVE_COMPILATION_CONDITIONS = DEBUG;
				SWIFT_OPTIMIZATION_LEVEL = "-Onone";
			};
			name = Debug;
		};
		DC0F971C2427BE9900E76CF9 /* Release */ = {
			isa = XCBuildConfiguration;
			buildSettings = {
				ALWAYS_SEARCH_USER_PATHS = NO;
				CLANG_ANALYZER_NONNULL = YES;
				CLANG_ANALYZER_NUMBER_OBJECT_CONVERSION = YES_AGGRESSIVE;
				CLANG_CXX_LANGUAGE_STANDARD = "gnu++14";
				CLANG_CXX_LIBRARY = "libc++";
				CLANG_ENABLE_MODULES = YES;
				CLANG_ENABLE_OBJC_ARC = YES;
				CLANG_ENABLE_OBJC_WEAK = YES;
				CLANG_WARN_BLOCK_CAPTURE_AUTORELEASING = YES;
				CLANG_WARN_BOOL_CONVERSION = YES;
				CLANG_WARN_COMMA = YES;
				CLANG_WARN_CONSTANT_CONVERSION = YES;
				CLANG_WARN_DEPRECATED_OBJC_IMPLEMENTATIONS = YES;
				CLANG_WARN_DIRECT_OBJC_ISA_USAGE = YES_ERROR;
				CLANG_WARN_DOCUMENTATION_COMMENTS = YES;
				CLANG_WARN_EMPTY_BODY = YES;
				CLANG_WARN_ENUM_CONVERSION = YES;
				CLANG_WARN_INFINITE_RECURSION = YES;
				CLANG_WARN_INT_CONVERSION = YES;
				CLANG_WARN_NON_LITERAL_NULL_CONVERSION = YES;
				CLANG_WARN_OBJC_IMPLICIT_RETAIN_SELF = YES;
				CLANG_WARN_OBJC_LITERAL_CONVERSION = YES;
				CLANG_WARN_OBJC_ROOT_CLASS = YES_ERROR;
				CLANG_WARN_RANGE_LOOP_ANALYSIS = YES;
				CLANG_WARN_STRICT_PROTOTYPES = YES;
				CLANG_WARN_SUSPICIOUS_MOVE = YES;
				CLANG_WARN_UNGUARDED_AVAILABILITY = YES_AGGRESSIVE;
				CLANG_WARN_UNREACHABLE_CODE = YES;
				CLANG_WARN__DUPLICATE_METHOD_MATCH = YES;
				COPY_PHASE_STRIP = NO;
				DEBUG_INFORMATION_FORMAT = "dwarf-with-dsym";
				ENABLE_NS_ASSERTIONS = NO;
				ENABLE_STRICT_OBJC_MSGSEND = YES;
				GCC_C_LANGUAGE_STANDARD = gnu11;
				GCC_NO_COMMON_BLOCKS = YES;
				GCC_WARN_64_TO_32_BIT_CONVERSION = YES;
				GCC_WARN_ABOUT_RETURN_TYPE = YES_ERROR;
				GCC_WARN_UNDECLARED_SELECTOR = YES;
				GCC_WARN_UNINITIALIZED_AUTOS = YES_AGGRESSIVE;
				GCC_WARN_UNUSED_FUNCTION = YES;
				GCC_WARN_UNUSED_VARIABLE = YES;
				IPHONEOS_DEPLOYMENT_TARGET = 13.2;
				MTL_ENABLE_DEBUG_INFO = NO;
				MTL_FAST_MATH = YES;
				SDKROOT = iphoneos;
				SWIFT_COMPILATION_MODE = wholemodule;
				SWIFT_OPTIMIZATION_LEVEL = "-O";
				VALIDATE_PRODUCT = YES;
			};
			name = Release;
		};
		DC0F971E2427BE9900E76CF9 /* Debug */ = {
			isa = XCBuildConfiguration;
			buildSettings = {
				ASSETCATALOG_COMPILER_APPICON_NAME = AppIcon;
				CODE_SIGN_STYLE = Automatic;
				DEVELOPMENT_TEAM = 62R3ZN8B42;
				INFOPLIST_FILE = TT_CovidCity/Info.plist;
				LD_RUNPATH_SEARCH_PATHS = (
					"$(inherited)",
					"@executable_path/Frameworks",
				);
				PRODUCT_BUNDLE_IDENTIFIER = tan.nd.Covidcity1;
				PRODUCT_NAME = TT_CovidCity;
				SWIFT_VERSION = 5.0;
				TARGETED_DEVICE_FAMILY = 1;
			};
			name = Debug;
		};
		DC0F971F2427BE9900E76CF9 /* Release */ = {
			isa = XCBuildConfiguration;
			buildSettings = {
				ASSETCATALOG_COMPILER_APPICON_NAME = AppIcon;
				CODE_SIGN_STYLE = Automatic;
				DEVELOPMENT_TEAM = N2TUE3Q7K8;
				INFOPLIST_FILE = TT_CovidCity/Info.plist;
				LD_RUNPATH_SEARCH_PATHS = (
					"$(inherited)",
					"@executable_path/Frameworks",
				);
				PRODUCT_BUNDLE_IDENTIFIER = "com.home.TT-CovidCity";
				PRODUCT_NAME = TT_CovidCity;
				SWIFT_VERSION = 5.0;
				TARGETED_DEVICE_FAMILY = 1;
			};
			name = Release;
		};
/* End XCBuildConfiguration section */

/* Begin XCConfigurationList section */
		DC0F97022427BE9600E76CF9 /* Build configuration list for PBXProject "TT_CovidCity" */ = {
			isa = XCConfigurationList;
			buildConfigurations = (
				DC0F971B2427BE9900E76CF9 /* Debug */,
				DC0F971C2427BE9900E76CF9 /* Release */,
			);
			defaultConfigurationIsVisible = 0;
			defaultConfigurationName = Release;
		};
		DC0F971D2427BE9900E76CF9 /* Build configuration list for PBXNativeTarget "TT_CovidCity" */ = {
			isa = XCConfigurationList;
			buildConfigurations = (
				DC0F971E2427BE9900E76CF9 /* Debug */,
				DC0F971F2427BE9900E76CF9 /* Release */,
			);
			defaultConfigurationIsVisible = 0;
			defaultConfigurationName = Release;
		};
/* End XCConfigurationList section */
	};
	rootObject = DC0F96FF2427BE9600E76CF9 /* Project object */;
}
